<?xml version="1.0" encoding="utf-8"?>
<Project ToolsVersion="17.0" xmlns="http://schemas.microsoft.com/developer/msbuild/2003">
  <ItemGroup>
    <ClCompile Include="C:\Users\tsicr\OneDrive\Área de Trabalho\Pelotense-Esportes\obs-studio\plugins\rtmp-services\rtmp-common.c">
      <Filter>Source Files</Filter>
    </ClCompile>
    <ClCompile Include="C:\Users\tsicr\OneDrive\Área de Trabalho\Pelotense-Esportes\obs-studio\plugins\rtmp-services\rtmp-custom.c">
      <Filter>Source Files</Filter>
    </ClCompile>
    <ClCompile Include="C:\Users\tsicr\OneDrive\Área de Trabalho\Pelotense-Esportes\obs-studio\plugins\rtmp-services\rtmp-services-main.c">
      <Filter>Source Files</Filter>
    </ClCompile>
    <ClCompile Include="C:\Users\tsicr\OneDrive\Área de Trabalho\Pelotense-Esportes\obs-studio\plugins\rtmp-services\service-specific\amazon-ivs.c">
      <Filter>Source Files</Filter>
    </ClCompile>
    <ClCompile Include="C:\Users\tsicr\OneDrive\Área de Trabalho\Pelotense-Esportes\obs-studio\plugins\rtmp-services\service-specific\dacast.c">
      <Filter>Source Files</Filter>
    </ClCompile>
    <ClCompile Include="C:\Users\tsicr\OneDrive\Área de Trabalho\Pelotense-Esportes\obs-studio\plugins\rtmp-services\service-specific\nimotv.c">
      <Filter>Source Files</Filter>
    </ClCompile>
    <ClCompile Include="C:\Users\tsicr\OneDrive\Área de Trabalho\Pelotense-Esportes\obs-studio\plugins\rtmp-services\service-specific\service-ingest.c">
      <Filter>Source Files</Filter>
    </ClCompile>
    <ClCompile Include="C:\Users\tsicr\OneDrive\Área de Trabalho\Pelotense-Esportes\obs-studio\plugins\rtmp-services\service-specific\showroom.c">
      <Filter>Source Files</Filter>
    </ClCompile>
    <ClCompile Include="C:\Users\tsicr\OneDrive\Área de Trabalho\Pelotense-Esportes\obs-studio\plugins\rtmp-services\service-specific\twitch.c">
      <Filter>Source Files</Filter>
    </ClCompile>
    <ClCompile Include="C:\Users\tsicr\OneDrive\Área de Trabalho\Pelotense-Esportes\obs-studio\shared\file-updater\file-updater\file-updater.c">
      <Filter>Source Files</Filter>
    </ClCompile>
  </ItemGroup>
  <ItemGroup>
    <ClInclude Include="C:\Users\tsicr\OneDrive\Área de Trabalho\Pelotense-Esportes\obs-studio\plugins\rtmp-services\rtmp-format-ver.h">
      <Filter>Header Files</Filter>
    </ClInclude>
    <ClInclude Include="C:\Users\tsicr\OneDrive\Área de Trabalho\Pelotense-Esportes\obs-studio\plugins\rtmp-services\service-specific\amazon-ivs.h">
      <Filter>Header Files</Filter>
    </ClInclude>
    <ClInclude Include="C:\Users\tsicr\OneDrive\Área de Trabalho\Pelotense-Esportes\obs-studio\plugins\rtmp-services\service-specific\dacast.h">
      <Filter>Header Files</Filter>
    </ClInclude>
    <ClInclude Include="C:\Users\tsicr\OneDrive\Área de Trabalho\Pelotense-Esportes\obs-studio\plugins\rtmp-services\service-specific\nimotv.h">
      <Filter>Header Files</Filter>
    </ClInclude>
    <ClInclude Include="C:\Users\tsicr\OneDrive\Área de Trabalho\Pelotense-Esportes\obs-studio\plugins\rtmp-services\service-specific\service-ingest.h">
      <Filter>Header Files</Filter>
    </ClInclude>
    <ClInclude Include="C:\Users\tsicr\OneDrive\Área de Trabalho\Pelotense-Esportes\obs-studio\plugins\rtmp-services\service-specific\showroom.h">
      <Filter>Header Files</Filter>
    </ClInclude>
    <ClInclude Include="C:\Users\tsicr\OneDrive\Área de Trabalho\Pelotense-Esportes\obs-studio\plugins\rtmp-services\service-specific\twitch.h">
      <Filter>Header Files</Filter>
    </ClInclude>
    <ClInclude Include="C:\Users\tsicr\OneDrive\Área de Trabalho\Pelotense-Esportes\obs-build\libobs\libobs_EXPORT.h">
      <Filter>Header Files</Filter>
    </ClInclude>
    <ClInclude Include="C:\Users\tsicr\OneDrive\Área de Trabalho\Pelotense-Esportes\obs-build\deps\w32-pthreads\w32-pthreads_EXPORT.h">
      <Filter>Header Files</Filter>
    </ClInclude>
    <ClInclude Include="C:\Users\tsicr\OneDrive\Área de Trabalho\Pelotense-Esportes\obs-studio\shared\file-updater\file-updater\file-updater.h">
      <Filter>Header Files</Filter>
    </ClInclude>
  </ItemGroup>
  <ItemGroup>
    <CustomBuild Include="C:\Users\tsicr\OneDrive\Área de Trabalho\Pelotense-Esportes\obs-studio\plugins\rtmp-services\CMakeLists.txt" />
  </ItemGroup>
  <ItemGroup>
    <None Include="C:\Users\tsicr\OneDrive\Área de Trabalho\Pelotense-Esportes\obs-studio\plugins\rtmp-services\data\locale\af-ZA.ini">
      <Filter>Resources\locale</Filter>
    </None>
    <None Include="C:\Users\tsicr\OneDrive\Área de Trabalho\Pelotense-Esportes\obs-studio\plugins\rtmp-services\data\locale\ar-SA.ini">
      <Filter>Resources\locale</Filter>
    </None>
    <None Include="C:\Users\tsicr\OneDrive\Área de Trabalho\Pelotense-Esportes\obs-studio\plugins\rtmp-services\data\locale\az-AZ.ini">
      <Filter>Resources\locale</Filter>
    </None>
    <None Include="C:\Users\tsicr\OneDrive\Área de Trabalho\Pelotense-Esportes\obs-studio\plugins\rtmp-services\data\locale\ba-RU.ini">
      <Filter>Resources\locale</Filter>
    </None>
    <None Include="C:\Users\tsicr\OneDrive\Área de Trabalho\Pelotense-Esportes\obs-studio\plugins\rtmp-services\data\locale\be-BY.ini">
      <Filter>Resources\locale</Filter>
    </None>
    <None Include="C:\Users\tsicr\OneDrive\Área de Trabalho\Pelotense-Esportes\obs-studio\plugins\rtmp-services\data\locale\bg-BG.ini">
      <Filter>Resources\locale</Filter>
    </None>
    <None Include="C:\Users\tsicr\OneDrive\Área de Trabalho\Pelotense-Esportes\obs-studio\plugins\rtmp-services\data\locale\bn-BD.ini">
      <Filter>Resources\locale</Filter>
    </None>
    <None Include="C:\Users\tsicr\OneDrive\Área de Trabalho\Pelotense-Esportes\obs-studio\plugins\rtmp-services\data\locale\ca-ES.ini">
      <Filter>Resources\locale</Filter>
    </None>
    <None Include="C:\Users\tsicr\OneDrive\Área de Trabalho\Pelotense-Esportes\obs-studio\plugins\rtmp-services\data\locale\cs-CZ.ini">
      <Filter>Resources\locale</Filter>
    </None>
    <None Include="C:\Users\tsicr\OneDrive\Área de Trabalho\Pelotense-Esportes\obs-studio\plugins\rtmp-services\data\locale\da-DK.ini">
      <Filter>Resources\locale</Filter>
    </None>
    <None Include="C:\Users\tsicr\OneDrive\Área de Trabalho\Pelotense-Esportes\obs-studio\plugins\rtmp-services\data\locale\de-DE.ini">
      <Filter>Resources\locale</Filter>
    </None>
    <None Include="C:\Users\tsicr\OneDrive\Área de Trabalho\Pelotense-Esportes\obs-studio\plugins\rtmp-services\data\locale\el-GR.ini">
      <Filter>Resources\locale</Filter>
    </None>
    <None Include="C:\Users\tsicr\OneDrive\Área de Trabalho\Pelotense-Esportes\obs-studio\plugins\rtmp-services\data\locale\en-GB.ini">
      <Filter>Resources\locale</Filter>
    </None>
    <None Include="C:\Users\tsicr\OneDrive\Área de Trabalho\Pelotense-Esportes\obs-studio\plugins\rtmp-services\data\locale\en-US.ini">
      <Filter>Resources\locale</Filter>
    </None>
    <None Include="C:\Users\tsicr\OneDrive\Área de Trabalho\Pelotense-Esportes\obs-studio\plugins\rtmp-services\data\locale\es-ES.ini">
      <Filter>Resources\locale</Filter>
    </None>
    <None Include="C:\Users\tsicr\OneDrive\Área de Trabalho\Pelotense-Esportes\obs-studio\plugins\rtmp-services\data\locale\et-EE.ini">
      <Filter>Resources\locale</Filter>
    </None>
    <None Include="C:\Users\tsicr\OneDrive\Área de Trabalho\Pelotense-Esportes\obs-studio\plugins\rtmp-services\data\locale\eu-ES.ini">
      <Filter>Resources\locale</Filter>
    </None>
    <None Include="C:\Users\tsicr\OneDrive\Área de Trabalho\Pelotense-Esportes\obs-studio\plugins\rtmp-services\data\locale\fa-IR.ini">
      <Filter>Resources\locale</Filter>
    </None>
    <None Include="C:\Users\tsicr\OneDrive\Área de Trabalho\Pelotense-Esportes\obs-studio\plugins\rtmp-services\data\locale\fi-FI.ini">
      <Filter>Resources\locale</Filter>
    </None>
    <None Include="C:\Users\tsicr\OneDrive\Área de Trabalho\Pelotense-Esportes\obs-studio\plugins\rtmp-services\data\locale\fil-PH.ini">
      <Filter>Resources\locale</Filter>
    </None>
    <None Include="C:\Users\tsicr\OneDrive\Área de Trabalho\Pelotense-Esportes\obs-studio\plugins\rtmp-services\data\locale\fr-FR.ini">
      <Filter>Resources\locale</Filter>
    </None>
    <None Include="C:\Users\tsicr\OneDrive\Área de Trabalho\Pelotense-Esportes\obs-studio\plugins\rtmp-services\data\locale\gd-GB.ini">
      <Filter>Resources\locale</Filter>
    </None>
    <None Include="C:\Users\tsicr\OneDrive\Área de Trabalho\Pelotense-Esportes\obs-studio\plugins\rtmp-services\data\locale\gl-ES.ini">
      <Filter>Resources\locale</Filter>
    </None>
    <None Include="C:\Users\tsicr\OneDrive\Área de Trabalho\Pelotense-Esportes\obs-studio\plugins\rtmp-services\data\locale\he-IL.ini">
      <Filter>Resources\locale</Filter>
    </None>
    <None Include="C:\Users\tsicr\OneDrive\Área de Trabalho\Pelotense-Esportes\obs-studio\plugins\rtmp-services\data\locale\hi-IN.ini">
      <Filter>Resources\locale</Filter>
    </None>
    <None Include="C:\Users\tsicr\OneDrive\Área de Trabalho\Pelotense-Esportes\obs-studio\plugins\rtmp-services\data\locale\hr-HR.ini">
      <Filter>Resources\locale</Filter>
    </None>
    <None Include="C:\Users\tsicr\OneDrive\Área de Trabalho\Pelotense-Esportes\obs-studio\plugins\rtmp-services\data\locale\hu-HU.ini">
      <Filter>Resources\locale</Filter>
    </None>
    <None Include="C:\Users\tsicr\OneDrive\Área de Trabalho\Pelotense-Esportes\obs-studio\plugins\rtmp-services\data\locale\hy-AM.ini">
      <Filter>Resources\locale</Filter>
    </None>
    <None Include="C:\Users\tsicr\OneDrive\Área de Trabalho\Pelotense-Esportes\obs-studio\plugins\rtmp-services\data\locale\id-ID.ini">
      <Filter>Resources\locale</Filter>
    </None>
    <None Include="C:\Users\tsicr\OneDrive\Área de Trabalho\Pelotense-Esportes\obs-studio\plugins\rtmp-services\data\locale\it-IT.ini">
      <Filter>Resources\locale</Filter>
    </None>
    <None Include="C:\Users\tsicr\OneDrive\Área de Trabalho\Pelotense-Esportes\obs-studio\plugins\rtmp-services\data\locale\ja-JP.ini">
      <Filter>Resources\locale</Filter>
    </None>
    <None Include="C:\Users\tsicr\OneDrive\Área de Trabalho\Pelotense-Esportes\obs-studio\plugins\rtmp-services\data\locale\ka-GE.ini">
      <Filter>Resources\locale</Filter>
    </None>
    <None Include="C:\Users\tsicr\OneDrive\Área de Trabalho\Pelotense-Esportes\obs-studio\plugins\rtmp-services\data\locale\kaa.ini">
      <Filter>Resources\locale</Filter>
    </None>
    <None Include="C:\Users\tsicr\OneDrive\Área de Trabalho\Pelotense-Esportes\obs-studio\plugins\rtmp-services\data\locale\kab-KAB.ini">
      <Filter>Resources\locale</Filter>
    </None>
    <None Include="C:\Users\tsicr\OneDrive\Área de Trabalho\Pelotense-Esportes\obs-studio\plugins\rtmp-services\data\locale\kmr-TR.ini">
      <Filter>Resources\locale</Filter>
    </None>
    <None Include="C:\Users\tsicr\OneDrive\Área de Trabalho\Pelotense-Esportes\obs-studio\plugins\rtmp-services\data\locale\ko-KR.ini">
      <Filter>Resources\locale</Filter>
    </None>
    <None Include="C:\Users\tsicr\OneDrive\Área de Trabalho\Pelotense-Esportes\obs-studio\plugins\rtmp-services\data\locale\lo-LA.ini">
      <Filter>Resources\locale</Filter>
    </None>
    <None Include="C:\Users\tsicr\OneDrive\Área de Trabalho\Pelotense-Esportes\obs-studio\plugins\rtmp-services\data\locale\mn-MN.ini">
      <Filter>Resources\locale</Filter>
    </None>
    <None Include="C:\Users\tsicr\OneDrive\Área de Trabalho\Pelotense-Esportes\obs-studio\plugins\rtmp-services\data\locale\ms-MY.ini">
      <Filter>Resources\locale</Filter>
    </None>
    <None Include="C:\Users\tsicr\OneDrive\Área de Trabalho\Pelotense-Esportes\obs-studio\plugins\rtmp-services\data\locale\nb-NO.ini">
      <Filter>Resources\locale</Filter>
    </None>
    <None Include="C:\Users\tsicr\OneDrive\Área de Trabalho\Pelotense-Esportes\obs-studio\plugins\rtmp-services\data\locale\nl-NL.ini">
      <Filter>Resources\locale</Filter>
    </None>
    <None Include="C:\Users\tsicr\OneDrive\Área de Trabalho\Pelotense-Esportes\obs-studio\plugins\rtmp-services\data\locale\nn-NO.ini">
      <Filter>Resources\locale</Filter>
    </None>
    <None Include="C:\Users\tsicr\OneDrive\Área de Trabalho\Pelotense-Esportes\obs-studio\plugins\rtmp-services\data\locale\pl-PL.ini">
      <Filter>Resources\locale</Filter>
    </None>
    <None Include="C:\Users\tsicr\OneDrive\Área de Trabalho\Pelotense-Esportes\obs-studio\plugins\rtmp-services\data\locale\pt-BR.ini">
      <Filter>Resources\locale</Filter>
    </None>
    <None Include="C:\Users\tsicr\OneDrive\Área de Trabalho\Pelotense-Esportes\obs-studio\plugins\rtmp-services\data\locale\pt-PT.ini">
      <Filter>Resources\locale</Filter>
    </None>
    <None Include="C:\Users\tsicr\OneDrive\Área de Trabalho\Pelotense-Esportes\obs-studio\plugins\rtmp-services\data\locale\ro-RO.ini">
      <Filter>Resources\locale</Filter>
    </None>
    <None Include="C:\Users\tsicr\OneDrive\Área de Trabalho\Pelotense-Esportes\obs-studio\plugins\rtmp-services\data\locale\ru-RU.ini">
      <Filter>Resources\locale</Filter>
    </None>
    <None Include="C:\Users\tsicr\OneDrive\Área de Trabalho\Pelotense-Esportes\obs-studio\plugins\rtmp-services\data\locale\si-LK.ini">
      <Filter>Resources\locale</Filter>
    </None>
    <None Include="C:\Users\tsicr\OneDrive\Área de Trabalho\Pelotense-Esportes\obs-studio\plugins\rtmp-services\data\locale\sk-SK.ini">
      <Filter>Resources\locale</Filter>
    </None>
    <None Include="C:\Users\tsicr\OneDrive\Área de Trabalho\Pelotense-Esportes\obs-studio\plugins\rtmp-services\data\locale\sl-SI.ini">
      <Filter>Resources\locale</Filter>
    </None>
    <None Include="C:\Users\tsicr\OneDrive\Área de Trabalho\Pelotense-Esportes\obs-studio\plugins\rtmp-services\data\locale\sq-AL.ini">
      <Filter>Resources\locale</Filter>
    </None>
    <None Include="C:\Users\tsicr\OneDrive\Área de Trabalho\Pelotense-Esportes\obs-studio\plugins\rtmp-services\data\locale\sr-CS.ini">
      <Filter>Resources\locale</Filter>
    </None>
    <None Include="C:\Users\tsicr\OneDrive\Área de Trabalho\Pelotense-Esportes\obs-studio\plugins\rtmp-services\data\locale\sr-SP.ini">
      <Filter>Resources\locale</Filter>
    </None>
    <None Include="C:\Users\tsicr\OneDrive\Área de Trabalho\Pelotense-Esportes\obs-studio\plugins\rtmp-services\data\locale\sv-SE.ini">
      <Filter>Resources\locale</Filter>
    </None>
    <None Include="C:\Users\tsicr\OneDrive\Área de Trabalho\Pelotense-Esportes\obs-studio\plugins\rtmp-services\data\locale\szl-PL.ini">
      <Filter>Resources\locale</Filter>
    </None>
    <None Include="C:\Users\tsicr\OneDrive\Área de Trabalho\Pelotense-Esportes\obs-studio\plugins\rtmp-services\data\locale\ta-IN.ini">
      <Filter>Resources\locale</Filter>
    </None>
    <None Include="C:\Users\tsicr\OneDrive\Área de Trabalho\Pelotense-Esportes\obs-studio\plugins\rtmp-services\data\locale\th-TH.ini">
      <Filter>Resources\locale</Filter>
    </None>
    <None Include="C:\Users\tsicr\OneDrive\Área de Trabalho\Pelotense-Esportes\obs-studio\plugins\rtmp-services\data\locale\tl-PH.ini">
      <Filter>Resources\locale</Filter>
    </None>
    <None Include="C:\Users\tsicr\OneDrive\Área de Trabalho\Pelotense-Esportes\obs-studio\plugins\rtmp-services\data\locale\tr-TR.ini">
      <Filter>Resources\locale</Filter>
    </None>
    <None Include="C:\Users\tsicr\OneDrive\Área de Trabalho\Pelotense-Esportes\obs-studio\plugins\rtmp-services\data\locale\tt-RU.ini">
      <Filter>Resources\locale</Filter>
    </None>
    <None Include="C:\Users\tsicr\OneDrive\Área de Trabalho\Pelotense-Esportes\obs-studio\plugins\rtmp-services\data\locale\ug-CN.ini">
      <Filter>Resources\locale</Filter>
    </None>
    <None Include="C:\Users\tsicr\OneDrive\Área de Trabalho\Pelotense-Esportes\obs-studio\plugins\rtmp-services\data\locale\uk-UA.ini">
      <Filter>Resources\locale</Filter>
    </None>
    <None Include="C:\Users\tsicr\OneDrive\Área de Trabalho\Pelotense-Esportes\obs-studio\plugins\rtmp-services\data\locale\ur-PK.ini">
      <Filter>Resources\locale</Filter>
    </None>
    <None Include="C:\Users\tsicr\OneDrive\Área de Trabalho\Pelotense-Esportes\obs-studio\plugins\rtmp-services\data\locale\vi-VN.ini">
      <Filter>Resources\locale</Filter>
    </None>
    <None Include="C:\Users\tsicr\OneDrive\Área de Trabalho\Pelotense-Esportes\obs-studio\plugins\rtmp-services\data\locale\zh-CN.ini">
      <Filter>Resources\locale</Filter>
    </None>
    <None Include="C:\Users\tsicr\OneDrive\Área de Trabalho\Pelotense-Esportes\obs-studio\plugins\rtmp-services\data\locale\zh-TW.ini">
      <Filter>Resources\locale</Filter>
    </None>
    <None Include="C:\Users\tsicr\OneDrive\Área de Trabalho\Pelotense-Esportes\obs-studio\plugins\rtmp-services\data\package.json">
      <Filter>Resources</Filter>
    </None>
    <None Include="C:\Users\tsicr\OneDrive\Área de Trabalho\Pelotense-Esportes\obs-studio\plugins\rtmp-services\data\schema\package-schema.json">
      <Filter>Resources\schema</Filter>
    </None>
    <None Include="C:\Users\tsicr\OneDrive\Área de Trabalho\Pelotense-Esportes\obs-studio\plugins\rtmp-services\data\schema\service-schema-v5.json">
      <Filter>Resources\schema</Filter>
    </None>
    <None Include="C:\Users\tsicr\OneDrive\Área de Trabalho\Pelotense-Esportes\obs-studio\plugins\rtmp-services\data\services.json">
      <Filter>Resources</Filter>
    </None>
  </ItemGroup>
  <ItemGroup>
    <ResourceCompile Include="C:\Users\tsicr\OneDrive\Área de Trabalho\Pelotense-Esportes\obs-build\plugins\rtmp-services\rtmp-services.rc">
      <Filter>Source Files</Filter>
    </ResourceCompile>
  </ItemGroup>
  <ItemGroup>
    <Filter Include="Header Files">
      <UniqueIdentifier>{72937B53-55F5-3642-B1B3-CE4AE2B3440A}</UniqueIdentifier>
    </Filter>
    <Filter Include="Resources">
      <UniqueIdentifier>{31E54B00-6D9C-3A65-BC29-F75519784263}</UniqueIdentifier>
    </Filter>
    <Filter Include="Resources\locale">
      <UniqueIdentifier>{571951D7-4D02-34CA-875A-1604CFF8C658}</UniqueIdentifier>
    </Filter>
    <Filter Include="Resources\schema">
      <UniqueIdentifier>{3B807098-F121-3BF6-8686-529729EA7BB2}</UniqueIdentifier>
    </Filter>
    <Filter Include="Source Files">
      <UniqueIdentifier>{2B5B5F7C-1801-36DC-8AB1-827BDA9CD738}</UniqueIdentifier>
    </Filter>
  </ItemGroup>
</Project>
