<?xml version="1.0" encoding="utf-8"?>
<Project ToolsVersion="17.0" xmlns="http://schemas.microsoft.com/developer/msbuild/2003">
  <ItemGroup>
    <ClCompile Include="C:\Users\tsicr\OneDrive\Área de Trabalho\Pelotense-Esportes\obs-build\plugins\frontend-tools\frontend-tools_autogen\mocs_compilation_Debug.cpp">
      <Filter>Source Files</Filter>
    </ClCompile>
    <ClCompile Include="C:\Users\tsicr\OneDrive\Área de Trabalho\Pelotense-Esportes\obs-studio\plugins\frontend-tools\auto-scene-switcher-win.cpp">
      <Filter>Source Files</Filter>
    </ClCompile>
    <ClCompile Include="C:\Users\tsicr\OneDrive\Área de Trabalho\Pelotense-Esportes\obs-studio\plugins\frontend-tools\captions-handler.cpp">
      <Filter>Source Files</Filter>
    </ClCompile>
    <ClCompile Include="C:\Users\tsicr\OneDrive\Área de Trabalho\Pelotense-Esportes\obs-studio\plugins\frontend-tools\captions-mssapi-stream.cpp">
      <Filter>Source Files</Filter>
    </ClCompile>
    <ClCompile Include="C:\Users\tsicr\OneDrive\Área de Trabalho\Pelotense-Esportes\obs-studio\plugins\frontend-tools\captions-mssapi.cpp">
      <Filter>Source Files</Filter>
    </ClCompile>
    <ClCompile Include="C:\Users\tsicr\OneDrive\Área de Trabalho\Pelotense-Esportes\obs-studio\plugins\frontend-tools\captions.cpp">
      <Filter>Source Files</Filter>
    </ClCompile>
    <ClCompile Include="C:\Users\tsicr\OneDrive\Área de Trabalho\Pelotense-Esportes\obs-studio\plugins\frontend-tools\auto-scene-switcher.cpp">
      <Filter>Source Files</Filter>
    </ClCompile>
    <ClCompile Include="C:\Users\tsicr\OneDrive\Área de Trabalho\Pelotense-Esportes\obs-studio\plugins\frontend-tools\frontend-tools.c">
      <Filter>Source Files</Filter>
    </ClCompile>
    <ClCompile Include="C:\Users\tsicr\OneDrive\Área de Trabalho\Pelotense-Esportes\obs-studio\plugins\frontend-tools\output-timer.cpp">
      <Filter>Source Files</Filter>
    </ClCompile>
    <ClCompile Include="C:\Users\tsicr\OneDrive\Área de Trabalho\Pelotense-Esportes\obs-studio\shared\properties-view\double-slider.cpp">
      <Filter>Source Files</Filter>
    </ClCompile>
    <ClCompile Include="C:\Users\tsicr\OneDrive\Área de Trabalho\Pelotense-Esportes\obs-studio\shared\properties-view\properties-view.cpp">
      <Filter>Source Files</Filter>
    </ClCompile>
    <ClCompile Include="C:\Users\tsicr\OneDrive\Área de Trabalho\Pelotense-Esportes\obs-studio\shared\properties-view\spinbox-ignorewheel.cpp">
      <Filter>Source Files</Filter>
    </ClCompile>
    <ClCompile Include="C:\Users\tsicr\OneDrive\Área de Trabalho\Pelotense-Esportes\obs-studio\shared\qt\wrappers\qt-wrappers.cpp">
      <Filter>Source Files</Filter>
    </ClCompile>
    <ClCompile Include="C:\Users\tsicr\OneDrive\Área de Trabalho\Pelotense-Esportes\obs-studio\shared\qt\plain-text-edit\plain-text-edit.cpp">
      <Filter>Source Files</Filter>
    </ClCompile>
    <ClCompile Include="C:\Users\tsicr\OneDrive\Área de Trabalho\Pelotense-Esportes\obs-studio\shared\qt\obs-spinbox\AutoSelectLineEdit.cpp">
      <Filter>Source Files</Filter>
    </ClCompile>
    <ClCompile Include="C:\Users\tsicr\OneDrive\Área de Trabalho\Pelotense-Esportes\obs-studio\shared\qt\obs-spinbox\DoubleSpinBox.cpp">
      <Filter>Source Files</Filter>
    </ClCompile>
    <ClCompile Include="C:\Users\tsicr\OneDrive\Área de Trabalho\Pelotense-Esportes\obs-studio\shared\qt\obs-spinbox\SpinBox.cpp">
      <Filter>Source Files</Filter>
    </ClCompile>
    <ClCompile Include="C:\Users\tsicr\OneDrive\Área de Trabalho\Pelotense-Esportes\obs-studio\shared\qt\vertical-scroll-area\vertical-scroll-area.cpp">
      <Filter>Source Files</Filter>
    </ClCompile>
    <ClCompile Include="C:\Users\tsicr\OneDrive\Área de Trabalho\Pelotense-Esportes\obs-studio\shared\qt\slider-ignorewheel\slider-ignorewheel.cpp">
      <Filter>Source Files</Filter>
    </ClCompile>
    <ClCompile Include="C:\Users\tsicr\OneDrive\Área de Trabalho\Pelotense-Esportes\obs-studio\shared\qt\icon-label\IconLabel.cpp">
      <Filter>Source Files</Filter>
    </ClCompile>
    <ClCompile Include="C:\Users\tsicr\OneDrive\Área de Trabalho\Pelotense-Esportes\obs-build\plugins\frontend-tools\frontend-tools_autogen\mocs_compilation_Release.cpp">
      <Filter>Source Files</Filter>
    </ClCompile>
    <ClCompile Include="C:\Users\tsicr\OneDrive\Área de Trabalho\Pelotense-Esportes\obs-build\plugins\frontend-tools\frontend-tools_autogen\mocs_compilation_MinSizeRel.cpp">
      <Filter>Source Files</Filter>
    </ClCompile>
    <ClCompile Include="C:\Users\tsicr\OneDrive\Área de Trabalho\Pelotense-Esportes\obs-build\plugins\frontend-tools\frontend-tools_autogen\mocs_compilation_RelWithDebInfo.cpp">
      <Filter>Source Files</Filter>
    </ClCompile>
  </ItemGroup>
  <ItemGroup>
    <ClInclude Include="C:\Users\tsicr\OneDrive\Área de Trabalho\Pelotense-Esportes\obs-studio\plugins\frontend-tools\captions-handler.hpp">
      <Filter>Header Files</Filter>
    </ClInclude>
    <ClInclude Include="C:\Users\tsicr\OneDrive\Área de Trabalho\Pelotense-Esportes\obs-studio\plugins\frontend-tools\captions-mssapi-stream.hpp">
      <Filter>Header Files</Filter>
    </ClInclude>
    <ClInclude Include="C:\Users\tsicr\OneDrive\Área de Trabalho\Pelotense-Esportes\obs-studio\plugins\frontend-tools\captions-mssapi.hpp">
      <Filter>Header Files</Filter>
    </ClInclude>
    <ClInclude Include="C:\Users\tsicr\OneDrive\Área de Trabalho\Pelotense-Esportes\obs-studio\plugins\frontend-tools\captions.hpp">
      <Filter>Header Files</Filter>
    </ClInclude>
    <ClInclude Include="C:\Users\tsicr\OneDrive\Área de Trabalho\Pelotense-Esportes\obs-studio\plugins\frontend-tools\auto-scene-switcher.hpp">
      <Filter>Header Files</Filter>
    </ClInclude>
    <ClInclude Include="C:\Users\tsicr\OneDrive\Área de Trabalho\Pelotense-Esportes\obs-studio\plugins\frontend-tools\output-timer.hpp">
      <Filter>Header Files</Filter>
    </ClInclude>
    <ClInclude Include="C:\Users\tsicr\OneDrive\Área de Trabalho\Pelotense-Esportes\obs-studio\plugins\frontend-tools\tool-helpers.hpp">
      <Filter>Header Files</Filter>
    </ClInclude>
    <ClInclude Include="C:\Users\tsicr\OneDrive\Área de Trabalho\Pelotense-Esportes\obs-build\plugins\frontend-tools\frontend-tools_autogen\include_Debug\forms\ui_auto-scene-switcher.h">
      <Filter>Header Files</Filter>
    </ClInclude>
    <ClInclude Include="C:\Users\tsicr\OneDrive\Área de Trabalho\Pelotense-Esportes\obs-build\plugins\frontend-tools\frontend-tools_autogen\include_Debug\forms\ui_captions.h">
      <Filter>Header Files</Filter>
    </ClInclude>
    <ClInclude Include="C:\Users\tsicr\OneDrive\Área de Trabalho\Pelotense-Esportes\obs-build\plugins\frontend-tools\frontend-tools_autogen\include_Debug\forms\ui_output-timer.h">
      <Filter>Header Files</Filter>
    </ClInclude>
    <ClInclude Include="C:\Users\tsicr\OneDrive\Área de Trabalho\Pelotense-Esportes\obs-build\plugins\frontend-tools\frontend-tools_autogen\include_Debug\forms\ui_scripts.h">
      <Filter>Header Files</Filter>
    </ClInclude>
    <ClInclude Include="C:\Users\tsicr\OneDrive\Área de Trabalho\Pelotense-Esportes\obs-build\frontend\api\obs-frontend-api_EXPORT.h">
      <Filter>Header Files</Filter>
    </ClInclude>
    <ClInclude Include="C:\Users\tsicr\OneDrive\Área de Trabalho\Pelotense-Esportes\obs-build\libobs\libobs_EXPORT.h">
      <Filter>Header Files</Filter>
    </ClInclude>
    <ClInclude Include="C:\Users\tsicr\OneDrive\Área de Trabalho\Pelotense-Esportes\obs-build\deps\w32-pthreads\w32-pthreads_EXPORT.h">
      <Filter>Header Files</Filter>
    </ClInclude>
    <ClInclude Include="C:\Users\tsicr\OneDrive\Área de Trabalho\Pelotense-Esportes\obs-studio\shared\properties-view\double-slider.hpp">
      <Filter>Header Files</Filter>
    </ClInclude>
    <ClInclude Include="C:\Users\tsicr\OneDrive\Área de Trabalho\Pelotense-Esportes\obs-studio\shared\properties-view\properties-view.hpp">
      <Filter>Header Files</Filter>
    </ClInclude>
    <ClInclude Include="C:\Users\tsicr\OneDrive\Área de Trabalho\Pelotense-Esportes\obs-studio\shared\properties-view\properties-view.moc.hpp">
      <Filter>Header Files</Filter>
    </ClInclude>
    <ClInclude Include="C:\Users\tsicr\OneDrive\Área de Trabalho\Pelotense-Esportes\obs-studio\shared\properties-view\spinbox-ignorewheel.hpp">
      <Filter>Header Files</Filter>
    </ClInclude>
    <ClInclude Include="C:\Users\tsicr\OneDrive\Área de Trabalho\Pelotense-Esportes\obs-studio\shared\qt\wrappers\qt-wrappers.hpp">
      <Filter>Header Files</Filter>
    </ClInclude>
    <ClInclude Include="C:\Users\tsicr\OneDrive\Área de Trabalho\Pelotense-Esportes\obs-studio\shared\qt\plain-text-edit\plain-text-edit.hpp">
      <Filter>Header Files</Filter>
    </ClInclude>
    <ClInclude Include="C:\Users\tsicr\OneDrive\Área de Trabalho\Pelotense-Esportes\obs-studio\shared\qt\obs-spinbox\AutoSelectLineEdit.hpp">
      <Filter>Header Files</Filter>
    </ClInclude>
    <ClInclude Include="C:\Users\tsicr\OneDrive\Área de Trabalho\Pelotense-Esportes\obs-studio\shared\qt\obs-spinbox\DoubleSpinBox.hpp">
      <Filter>Header Files</Filter>
    </ClInclude>
    <ClInclude Include="C:\Users\tsicr\OneDrive\Área de Trabalho\Pelotense-Esportes\obs-studio\shared\qt\obs-spinbox\SpinBox.hpp">
      <Filter>Header Files</Filter>
    </ClInclude>
    <ClInclude Include="C:\Users\tsicr\OneDrive\Área de Trabalho\Pelotense-Esportes\obs-studio\shared\qt\vertical-scroll-area\vertical-scroll-area.hpp">
      <Filter>Header Files</Filter>
    </ClInclude>
    <ClInclude Include="C:\Users\tsicr\OneDrive\Área de Trabalho\Pelotense-Esportes\obs-studio\shared\qt\slider-ignorewheel\slider-ignorewheel.hpp">
      <Filter>Header Files</Filter>
    </ClInclude>
    <ClInclude Include="C:\Users\tsicr\OneDrive\Área de Trabalho\Pelotense-Esportes\obs-studio\shared\qt\icon-label\IconLabel.hpp">
      <Filter>Header Files</Filter>
    </ClInclude>
    <ClInclude Include="C:\Users\tsicr\OneDrive\Área de Trabalho\Pelotense-Esportes\obs-build\plugins\frontend-tools\frontend-tools_autogen\include_Release\forms\ui_auto-scene-switcher.h">
      <Filter>Header Files</Filter>
    </ClInclude>
    <ClInclude Include="C:\Users\tsicr\OneDrive\Área de Trabalho\Pelotense-Esportes\obs-build\plugins\frontend-tools\frontend-tools_autogen\include_Release\forms\ui_captions.h">
      <Filter>Header Files</Filter>
    </ClInclude>
    <ClInclude Include="C:\Users\tsicr\OneDrive\Área de Trabalho\Pelotense-Esportes\obs-build\plugins\frontend-tools\frontend-tools_autogen\include_Release\forms\ui_output-timer.h">
      <Filter>Header Files</Filter>
    </ClInclude>
    <ClInclude Include="C:\Users\tsicr\OneDrive\Área de Trabalho\Pelotense-Esportes\obs-build\plugins\frontend-tools\frontend-tools_autogen\include_Release\forms\ui_scripts.h">
      <Filter>Header Files</Filter>
    </ClInclude>
    <ClInclude Include="C:\Users\tsicr\OneDrive\Área de Trabalho\Pelotense-Esportes\obs-build\plugins\frontend-tools\frontend-tools_autogen\include_MinSizeRel\forms\ui_auto-scene-switcher.h">
      <Filter>Header Files</Filter>
    </ClInclude>
    <ClInclude Include="C:\Users\tsicr\OneDrive\Área de Trabalho\Pelotense-Esportes\obs-build\plugins\frontend-tools\frontend-tools_autogen\include_MinSizeRel\forms\ui_captions.h">
      <Filter>Header Files</Filter>
    </ClInclude>
    <ClInclude Include="C:\Users\tsicr\OneDrive\Área de Trabalho\Pelotense-Esportes\obs-build\plugins\frontend-tools\frontend-tools_autogen\include_MinSizeRel\forms\ui_output-timer.h">
      <Filter>Header Files</Filter>
    </ClInclude>
    <ClInclude Include="C:\Users\tsicr\OneDrive\Área de Trabalho\Pelotense-Esportes\obs-build\plugins\frontend-tools\frontend-tools_autogen\include_MinSizeRel\forms\ui_scripts.h">
      <Filter>Header Files</Filter>
    </ClInclude>
    <ClInclude Include="C:\Users\tsicr\OneDrive\Área de Trabalho\Pelotense-Esportes\obs-build\plugins\frontend-tools\frontend-tools_autogen\include_RelWithDebInfo\forms\ui_auto-scene-switcher.h">
      <Filter>Header Files</Filter>
    </ClInclude>
    <ClInclude Include="C:\Users\tsicr\OneDrive\Área de Trabalho\Pelotense-Esportes\obs-build\plugins\frontend-tools\frontend-tools_autogen\include_RelWithDebInfo\forms\ui_captions.h">
      <Filter>Header Files</Filter>
    </ClInclude>
    <ClInclude Include="C:\Users\tsicr\OneDrive\Área de Trabalho\Pelotense-Esportes\obs-build\plugins\frontend-tools\frontend-tools_autogen\include_RelWithDebInfo\forms\ui_output-timer.h">
      <Filter>Header Files</Filter>
    </ClInclude>
    <ClInclude Include="C:\Users\tsicr\OneDrive\Área de Trabalho\Pelotense-Esportes\obs-build\plugins\frontend-tools\frontend-tools_autogen\include_RelWithDebInfo\forms\ui_scripts.h">
      <Filter>Header Files</Filter>
    </ClInclude>
  </ItemGroup>
  <ItemGroup>
    <CustomBuild Include="C:\Users\tsicr\OneDrive\Área de Trabalho\Pelotense-Esportes\obs-build\CMakeFiles\8127f7921e468ed44753ed9b818957c5\autouic_(CONFIG).stamp.rule">
      <Filter>CMake Rules</Filter>
    </CustomBuild>
    <CustomBuild Include="C:\Users\tsicr\OneDrive\Área de Trabalho\Pelotense-Esportes\obs-studio\plugins\frontend-tools\CMakeLists.txt" />
  </ItemGroup>
  <ItemGroup>
    <Image Include="C:\Users\tsicr\OneDrive\Área de Trabalho\Pelotense-Esportes\obs-studio\plugins\frontend-tools\data\scripts\clock-source\dial.png">
      <Filter>Resources\scripts\clock-source</Filter>
    </Image>
    <Image Include="C:\Users\tsicr\OneDrive\Área de Trabalho\Pelotense-Esportes\obs-studio\plugins\frontend-tools\data\scripts\clock-source\hour.png">
      <Filter>Resources\scripts\clock-source</Filter>
    </Image>
    <Image Include="C:\Users\tsicr\OneDrive\Área de Trabalho\Pelotense-Esportes\obs-studio\plugins\frontend-tools\data\scripts\clock-source\minute.png">
      <Filter>Resources\scripts\clock-source</Filter>
    </Image>
    <Image Include="C:\Users\tsicr\OneDrive\Área de Trabalho\Pelotense-Esportes\obs-studio\plugins\frontend-tools\data\scripts\clock-source\second.png">
      <Filter>Resources\scripts\clock-source</Filter>
    </Image>
  </ItemGroup>
  <ItemGroup>
    <None Include="C:\Users\tsicr\OneDrive\Área de Trabalho\Pelotense-Esportes\obs-studio\plugins\frontend-tools\forms\auto-scene-switcher.ui">
      <Filter>UI Files\forms</Filter>
    </None>
    <None Include="C:\Users\tsicr\OneDrive\Área de Trabalho\Pelotense-Esportes\obs-studio\plugins\frontend-tools\forms\captions.ui">
      <Filter>UI Files\forms</Filter>
    </None>
    <None Include="C:\Users\tsicr\OneDrive\Área de Trabalho\Pelotense-Esportes\obs-studio\plugins\frontend-tools\forms\output-timer.ui">
      <Filter>UI Files\forms</Filter>
    </None>
    <None Include="C:\Users\tsicr\OneDrive\Área de Trabalho\Pelotense-Esportes\obs-studio\plugins\frontend-tools\forms\scripts.ui">
      <Filter>UI Files\forms</Filter>
    </None>
    <None Include="C:\Users\tsicr\OneDrive\Área de Trabalho\Pelotense-Esportes\obs-studio\plugins\frontend-tools\data\locale\ar-SA.ini">
      <Filter>Resources\locale</Filter>
    </None>
    <None Include="C:\Users\tsicr\OneDrive\Área de Trabalho\Pelotense-Esportes\obs-studio\plugins\frontend-tools\data\locale\az-AZ.ini">
      <Filter>Resources\locale</Filter>
    </None>
    <None Include="C:\Users\tsicr\OneDrive\Área de Trabalho\Pelotense-Esportes\obs-studio\plugins\frontend-tools\data\locale\be-BY.ini">
      <Filter>Resources\locale</Filter>
    </None>
    <None Include="C:\Users\tsicr\OneDrive\Área de Trabalho\Pelotense-Esportes\obs-studio\plugins\frontend-tools\data\locale\ca-ES.ini">
      <Filter>Resources\locale</Filter>
    </None>
    <None Include="C:\Users\tsicr\OneDrive\Área de Trabalho\Pelotense-Esportes\obs-studio\plugins\frontend-tools\data\locale\cs-CZ.ini">
      <Filter>Resources\locale</Filter>
    </None>
    <None Include="C:\Users\tsicr\OneDrive\Área de Trabalho\Pelotense-Esportes\obs-studio\plugins\frontend-tools\data\locale\da-DK.ini">
      <Filter>Resources\locale</Filter>
    </None>
    <None Include="C:\Users\tsicr\OneDrive\Área de Trabalho\Pelotense-Esportes\obs-studio\plugins\frontend-tools\data\locale\de-DE.ini">
      <Filter>Resources\locale</Filter>
    </None>
    <None Include="C:\Users\tsicr\OneDrive\Área de Trabalho\Pelotense-Esportes\obs-studio\plugins\frontend-tools\data\locale\en-GB.ini">
      <Filter>Resources\locale</Filter>
    </None>
    <None Include="C:\Users\tsicr\OneDrive\Área de Trabalho\Pelotense-Esportes\obs-studio\plugins\frontend-tools\data\locale\en-US.ini">
      <Filter>Resources\locale</Filter>
    </None>
    <None Include="C:\Users\tsicr\OneDrive\Área de Trabalho\Pelotense-Esportes\obs-studio\plugins\frontend-tools\data\locale\es-ES.ini">
      <Filter>Resources\locale</Filter>
    </None>
    <None Include="C:\Users\tsicr\OneDrive\Área de Trabalho\Pelotense-Esportes\obs-studio\plugins\frontend-tools\data\locale\et-EE.ini">
      <Filter>Resources\locale</Filter>
    </None>
    <None Include="C:\Users\tsicr\OneDrive\Área de Trabalho\Pelotense-Esportes\obs-studio\plugins\frontend-tools\data\locale\fa-IR.ini">
      <Filter>Resources\locale</Filter>
    </None>
    <None Include="C:\Users\tsicr\OneDrive\Área de Trabalho\Pelotense-Esportes\obs-studio\plugins\frontend-tools\data\locale\fi-FI.ini">
      <Filter>Resources\locale</Filter>
    </None>
    <None Include="C:\Users\tsicr\OneDrive\Área de Trabalho\Pelotense-Esportes\obs-studio\plugins\frontend-tools\data\locale\fr-FR.ini">
      <Filter>Resources\locale</Filter>
    </None>
    <None Include="C:\Users\tsicr\OneDrive\Área de Trabalho\Pelotense-Esportes\obs-studio\plugins\frontend-tools\data\locale\gl-ES.ini">
      <Filter>Resources\locale</Filter>
    </None>
    <None Include="C:\Users\tsicr\OneDrive\Área de Trabalho\Pelotense-Esportes\obs-studio\plugins\frontend-tools\data\locale\hu-HU.ini">
      <Filter>Resources\locale</Filter>
    </None>
    <None Include="C:\Users\tsicr\OneDrive\Área de Trabalho\Pelotense-Esportes\obs-studio\plugins\frontend-tools\data\locale\id-ID.ini">
      <Filter>Resources\locale</Filter>
    </None>
    <None Include="C:\Users\tsicr\OneDrive\Área de Trabalho\Pelotense-Esportes\obs-studio\plugins\frontend-tools\data\locale\it-IT.ini">
      <Filter>Resources\locale</Filter>
    </None>
    <None Include="C:\Users\tsicr\OneDrive\Área de Trabalho\Pelotense-Esportes\obs-studio\plugins\frontend-tools\data\locale\ja-JP.ini">
      <Filter>Resources\locale</Filter>
    </None>
    <None Include="C:\Users\tsicr\OneDrive\Área de Trabalho\Pelotense-Esportes\obs-studio\plugins\frontend-tools\data\locale\ka-GE.ini">
      <Filter>Resources\locale</Filter>
    </None>
    <None Include="C:\Users\tsicr\OneDrive\Área de Trabalho\Pelotense-Esportes\obs-studio\plugins\frontend-tools\data\locale\kab-KAB.ini">
      <Filter>Resources\locale</Filter>
    </None>
    <None Include="C:\Users\tsicr\OneDrive\Área de Trabalho\Pelotense-Esportes\obs-studio\plugins\frontend-tools\data\locale\ko-KR.ini">
      <Filter>Resources\locale</Filter>
    </None>
    <None Include="C:\Users\tsicr\OneDrive\Área de Trabalho\Pelotense-Esportes\obs-studio\plugins\frontend-tools\data\locale\ms-MY.ini">
      <Filter>Resources\locale</Filter>
    </None>
    <None Include="C:\Users\tsicr\OneDrive\Área de Trabalho\Pelotense-Esportes\obs-studio\plugins\frontend-tools\data\locale\nl-NL.ini">
      <Filter>Resources\locale</Filter>
    </None>
    <None Include="C:\Users\tsicr\OneDrive\Área de Trabalho\Pelotense-Esportes\obs-studio\plugins\frontend-tools\data\locale\pl-PL.ini">
      <Filter>Resources\locale</Filter>
    </None>
    <None Include="C:\Users\tsicr\OneDrive\Área de Trabalho\Pelotense-Esportes\obs-studio\plugins\frontend-tools\data\locale\pt-BR.ini">
      <Filter>Resources\locale</Filter>
    </None>
    <None Include="C:\Users\tsicr\OneDrive\Área de Trabalho\Pelotense-Esportes\obs-studio\plugins\frontend-tools\data\locale\pt-PT.ini">
      <Filter>Resources\locale</Filter>
    </None>
    <None Include="C:\Users\tsicr\OneDrive\Área de Trabalho\Pelotense-Esportes\obs-studio\plugins\frontend-tools\data\locale\ru-RU.ini">
      <Filter>Resources\locale</Filter>
    </None>
    <None Include="C:\Users\tsicr\OneDrive\Área de Trabalho\Pelotense-Esportes\obs-studio\plugins\frontend-tools\data\locale\sk-SK.ini">
      <Filter>Resources\locale</Filter>
    </None>
    <None Include="C:\Users\tsicr\OneDrive\Área de Trabalho\Pelotense-Esportes\obs-studio\plugins\frontend-tools\data\locale\sv-SE.ini">
      <Filter>Resources\locale</Filter>
    </None>
    <None Include="C:\Users\tsicr\OneDrive\Área de Trabalho\Pelotense-Esportes\obs-studio\plugins\frontend-tools\data\locale\th-TH.ini">
      <Filter>Resources\locale</Filter>
    </None>
    <None Include="C:\Users\tsicr\OneDrive\Área de Trabalho\Pelotense-Esportes\obs-studio\plugins\frontend-tools\data\locale\tr-TR.ini">
      <Filter>Resources\locale</Filter>
    </None>
    <None Include="C:\Users\tsicr\OneDrive\Área de Trabalho\Pelotense-Esportes\obs-studio\plugins\frontend-tools\data\locale\tt-RU.ini">
      <Filter>Resources\locale</Filter>
    </None>
    <None Include="C:\Users\tsicr\OneDrive\Área de Trabalho\Pelotense-Esportes\obs-studio\plugins\frontend-tools\data\locale\ug-CN.ini">
      <Filter>Resources\locale</Filter>
    </None>
    <None Include="C:\Users\tsicr\OneDrive\Área de Trabalho\Pelotense-Esportes\obs-studio\plugins\frontend-tools\data\locale\vi-VN.ini">
      <Filter>Resources\locale</Filter>
    </None>
    <None Include="C:\Users\tsicr\OneDrive\Área de Trabalho\Pelotense-Esportes\obs-studio\plugins\frontend-tools\data\locale\zh-CN.ini">
      <Filter>Resources\locale</Filter>
    </None>
    <None Include="C:\Users\tsicr\OneDrive\Área de Trabalho\Pelotense-Esportes\obs-studio\plugins\frontend-tools\data\locale\zh-TW.ini">
      <Filter>Resources\locale</Filter>
    </None>
    <None Include="C:\Users\tsicr\OneDrive\Área de Trabalho\Pelotense-Esportes\obs-studio\plugins\frontend-tools\data\scripts\clock-source.lua">
      <Filter>Resources\scripts</Filter>
    </None>
    <None Include="C:\Users\tsicr\OneDrive\Área de Trabalho\Pelotense-Esportes\obs-studio\plugins\frontend-tools\data\scripts\countdown.lua">
      <Filter>Resources\scripts</Filter>
    </None>
    <None Include="C:\Users\tsicr\OneDrive\Área de Trabalho\Pelotense-Esportes\obs-studio\plugins\frontend-tools\data\scripts\instant-replay.lua">
      <Filter>Resources\scripts</Filter>
    </None>
    <None Include="C:\Users\tsicr\OneDrive\Área de Trabalho\Pelotense-Esportes\obs-studio\plugins\frontend-tools\data\scripts\pause-scene.lua">
      <Filter>Resources\scripts</Filter>
    </None>
    <None Include="C:\Users\tsicr\OneDrive\Área de Trabalho\Pelotense-Esportes\obs-studio\plugins\frontend-tools\data\scripts\url-text.py">
      <Filter>Resources\scripts</Filter>
    </None>
    <None Include="C:\Users\tsicr\OneDrive\Área de Trabalho\Pelotense-Esportes\obs-build\plugins\frontend-tools\frontend-tools_autogen\autouic_Debug.stamp" />
    <None Include="C:\Users\tsicr\OneDrive\Área de Trabalho\Pelotense-Esportes\obs-build\plugins\frontend-tools\frontend-tools_autogen\autouic_Release.stamp" />
    <None Include="C:\Users\tsicr\OneDrive\Área de Trabalho\Pelotense-Esportes\obs-build\plugins\frontend-tools\frontend-tools_autogen\autouic_MinSizeRel.stamp" />
    <None Include="C:\Users\tsicr\OneDrive\Área de Trabalho\Pelotense-Esportes\obs-build\plugins\frontend-tools\frontend-tools_autogen\autouic_RelWithDebInfo.stamp" />
  </ItemGroup>
  <ItemGroup>
    <ResourceCompile Include="C:\Users\tsicr\OneDrive\Área de Trabalho\Pelotense-Esportes\obs-build\plugins\frontend-tools\frontend-tools.rc">
      <Filter>Source Files</Filter>
    </ResourceCompile>
  </ItemGroup>
  <ItemGroup>
    <Filter Include="CMake Rules">
      <UniqueIdentifier>{3468A2B1-C483-3C89-96F9-C010E76E0493}</UniqueIdentifier>
    </Filter>
    <Filter Include="Header Files">
      <UniqueIdentifier>{72937B53-55F5-3642-B1B3-CE4AE2B3440A}</UniqueIdentifier>
    </Filter>
    <Filter Include="Resources">
      <UniqueIdentifier>{31E54B00-6D9C-3A65-BC29-F75519784263}</UniqueIdentifier>
    </Filter>
    <Filter Include="Resources\locale">
      <UniqueIdentifier>{571951D7-4D02-34CA-875A-1604CFF8C658}</UniqueIdentifier>
    </Filter>
    <Filter Include="Resources\scripts">
      <UniqueIdentifier>{DC5A374B-DCCE-3E05-8DE4-191AC4136C84}</UniqueIdentifier>
    </Filter>
    <Filter Include="Resources\scripts\clock-source">
      <UniqueIdentifier>{4776DE6B-8711-3575-99F4-5D6084C95508}</UniqueIdentifier>
    </Filter>
    <Filter Include="Source Files">
      <UniqueIdentifier>{2B5B5F7C-1801-36DC-8AB1-827BDA9CD738}</UniqueIdentifier>
    </Filter>
    <Filter Include="UI Files">
      <UniqueIdentifier>{E7E2E1F5-3AE5-317D-9358-F5358612AB17}</UniqueIdentifier>
    </Filter>
    <Filter Include="UI Files\forms">
      <UniqueIdentifier>{2C5120C1-3E7F-382D-88BD-A53F46020B8A}</UniqueIdentifier>
    </Filter>
  </ItemGroup>
</Project>
