<?xml version="1.0" encoding="utf-8"?>
<Project ToolsVersion="17.0" xmlns="http://schemas.microsoft.com/developer/msbuild/2003">
  <ItemGroup>
    <ClCompile Include="C:\Users\tsicr\OneDrive\Área de Trabalho\Pelotense-Esportes\obs-studio\plugins\win-capture\graphics-hook\d3d10-capture.cpp">
      <Filter>Source Files</Filter>
    </ClCompile>
    <ClCompile Include="C:\Users\tsicr\OneDrive\Área de Trabalho\Pelotense-Esportes\obs-studio\plugins\win-capture\graphics-hook\d3d11-capture.cpp">
      <Filter>Source Files</Filter>
    </ClCompile>
    <ClCompile Include="C:\Users\tsicr\OneDrive\Área de Trabalho\Pelotense-Esportes\obs-studio\plugins\win-capture\graphics-hook\d3d12-capture.cpp">
      <Filter>Source Files</Filter>
    </ClCompile>
    <ClCompile Include="C:\Users\tsicr\OneDrive\Área de Trabalho\Pelotense-Esportes\obs-studio\plugins\win-capture\graphics-hook\d3d8-capture.cpp">
      <Filter>Source Files</Filter>
    </ClCompile>
    <ClCompile Include="C:\Users\tsicr\OneDrive\Área de Trabalho\Pelotense-Esportes\obs-studio\plugins\win-capture\graphics-hook\d3d9-capture.cpp">
      <Filter>Source Files</Filter>
    </ClCompile>
    <ClCompile Include="C:\Users\tsicr\OneDrive\Área de Trabalho\Pelotense-Esportes\obs-studio\plugins\win-capture\graphics-hook\dxgi-capture.cpp">
      <Filter>Source Files</Filter>
    </ClCompile>
    <ClCompile Include="C:\Users\tsicr\OneDrive\Área de Trabalho\Pelotense-Esportes\obs-studio\plugins\win-capture\graphics-hook\gl-capture.c">
      <Filter>Source Files</Filter>
    </ClCompile>
    <ClCompile Include="C:\Users\tsicr\OneDrive\Área de Trabalho\Pelotense-Esportes\obs-studio\plugins\win-capture\graphics-hook\graphics-hook.c">
      <Filter>Source Files</Filter>
    </ClCompile>
    <ClCompile Include="C:\Users\tsicr\OneDrive\Área de Trabalho\Pelotense-Esportes\obs-studio\plugins\win-capture\graphics-hook\vulkan-capture.c">
      <Filter>Source Files</Filter>
    </ClCompile>
    <ClCompile Include="C:\Users\tsicr\OneDrive\Área de Trabalho\Pelotense-Esportes\obs-studio\shared\ipc-util\ipc-util\pipe-windows.c">
      <Filter>Source Files</Filter>
    </ClCompile>
    <ClCompile Include="C:\Users\tsicr\OneDrive\Área de Trabalho\Pelotense-Esportes\obs-studio\libobs\util\windows\obfuscate.c">
      <Filter>Source Files</Filter>
    </ClCompile>
  </ItemGroup>
  <ItemGroup>
    <ClInclude Include="C:\Users\tsicr\OneDrive\Área de Trabalho\Pelotense-Esportes\obs-studio\plugins\win-capture\graphics-hook\d3d9-patches.hpp">
      <Filter>Header Files</Filter>
    </ClInclude>
    <ClInclude Include="C:\Users\tsicr\OneDrive\Área de Trabalho\Pelotense-Esportes\obs-studio\plugins\win-capture\graphics-hook\gl-decs.h">
      <Filter>Header Files</Filter>
    </ClInclude>
    <ClInclude Include="C:\Users\tsicr\OneDrive\Área de Trabalho\Pelotense-Esportes\obs-studio\plugins\win-capture\graphics-hook\graphics-hook.h">
      <Filter>Header Files</Filter>
    </ClInclude>
    <ClInclude Include="C:\Users\tsicr\OneDrive\Área de Trabalho\Pelotense-Esportes\obs-studio\plugins\win-capture\graphics-hook\vulkan-capture.h">
      <Filter>Header Files</Filter>
    </ClInclude>
    <ClInclude Include="C:\Users\tsicr\OneDrive\Área de Trabalho\Pelotense-Esportes\obs-studio\shared\obs-d3d8-api\d3d8.h">
      <Filter>Header Files</Filter>
    </ClInclude>
    <ClInclude Include="C:\Users\tsicr\OneDrive\Área de Trabalho\Pelotense-Esportes\obs-studio\shared\obs-d3d8-api\d3d8caps.h">
      <Filter>Header Files</Filter>
    </ClInclude>
    <ClInclude Include="C:\Users\tsicr\OneDrive\Área de Trabalho\Pelotense-Esportes\obs-studio\shared\obs-d3d8-api\d3d8types.h">
      <Filter>Header Files</Filter>
    </ClInclude>
    <ClInclude Include="C:\Users\tsicr\OneDrive\Área de Trabalho\Pelotense-Esportes\obs-studio\shared\obs-hook-config\graphics-hook-ver.h">
      <Filter>Header Files</Filter>
    </ClInclude>
    <ClInclude Include="C:\Users\tsicr\OneDrive\Área de Trabalho\Pelotense-Esportes\obs-studio\shared\obs-hook-config\graphics-hook-info.h">
      <Filter>Header Files</Filter>
    </ClInclude>
    <ClInclude Include="C:\Users\tsicr\OneDrive\Área de Trabalho\Pelotense-Esportes\obs-studio\shared\obs-hook-config\hook-helpers.h">
      <Filter>Header Files</Filter>
    </ClInclude>
    <ClInclude Include="C:\Users\tsicr\OneDrive\Área de Trabalho\Pelotense-Esportes\obs-studio\shared\ipc-util\ipc-util\pipe.h">
      <Filter>Header Files</Filter>
    </ClInclude>
    <ClInclude Include="C:\Users\tsicr\OneDrive\Área de Trabalho\Pelotense-Esportes\obs-studio\shared\ipc-util\ipc-util\pipe-windows.h">
      <Filter>Header Files</Filter>
    </ClInclude>
    <ClInclude Include="C:\Users\tsicr\OneDrive\Área de Trabalho\Pelotense-Esportes\obs-studio\libobs\util\windows\obfuscate.h">
      <Filter>Header Files</Filter>
    </ClInclude>
  </ItemGroup>
  <ItemGroup>
    <CustomBuild Include="C:\Users\tsicr\OneDrive\Área de Trabalho\Pelotense-Esportes\obs-studio\plugins\win-capture\graphics-hook\CMakeLists.txt" />
  </ItemGroup>
  <ItemGroup>
    <ResourceCompile Include="C:\Users\tsicr\OneDrive\Área de Trabalho\Pelotense-Esportes\obs-studio\plugins\win-capture\graphics-hook\graphics-hook.rc">
      <Filter>Source Files</Filter>
    </ResourceCompile>
  </ItemGroup>
  <ItemGroup>
    <Filter Include="Header Files">
      <UniqueIdentifier>{72937B53-55F5-3642-B1B3-CE4AE2B3440A}</UniqueIdentifier>
    </Filter>
    <Filter Include="Source Files">
      <UniqueIdentifier>{2B5B5F7C-1801-36DC-8AB1-827BDA9CD738}</UniqueIdentifier>
    </Filter>
  </ItemGroup>
</Project>
