<?xml version="1.0" encoding="utf-8"?>
<Project ToolsVersion="17.0" xmlns="http://schemas.microsoft.com/developer/msbuild/2003">
  <ItemGroup>
    <ClCompile Include="C:\Users\tsicr\OneDrive\Área de Trabalho\Pelotense-Esportes\obs-studio\frontend\updater\hash.cpp">
      <Filter>Source Files</Filter>
    </ClCompile>
    <ClCompile Include="C:\Users\tsicr\OneDrive\Área de Trabalho\Pelotense-Esportes\obs-studio\frontend\updater\helpers.cpp">
      <Filter>Source Files</Filter>
    </ClCompile>
    <ClCompile Include="C:\Users\tsicr\OneDrive\Área de Trabalho\Pelotense-Esportes\obs-studio\frontend\updater\http.cpp">
      <Filter>Source Files</Filter>
    </ClCompile>
    <ClCompile Include="C:\Users\tsicr\OneDrive\Área de Trabalho\Pelotense-Esportes\obs-studio\frontend\updater\init-hook-files.c">
      <Filter>Source Files</Filter>
    </ClCompile>
    <ClCompile Include="C:\Users\tsicr\OneDrive\Área de Trabalho\Pelotense-Esportes\obs-studio\frontend\updater\patch.cpp">
      <Filter>Source Files</Filter>
    </ClCompile>
    <ClCompile Include="C:\Users\tsicr\OneDrive\Área de Trabalho\Pelotense-Esportes\obs-studio\frontend\updater\updater.cpp">
      <Filter>Source Files</Filter>
    </ClCompile>
  </ItemGroup>
  <ItemGroup>
    <ClInclude Include="C:\Users\tsicr\OneDrive\Área de Trabalho\Pelotense-Esportes\obs-studio\frontend\updater\helpers.hpp">
      <Filter>Header Files</Filter>
    </ClInclude>
    <ClInclude Include="C:\Users\tsicr\OneDrive\Área de Trabalho\Pelotense-Esportes\obs-studio\frontend\updater\manifest.hpp">
      <Filter>Header Files</Filter>
    </ClInclude>
    <ClInclude Include="C:\Users\tsicr\OneDrive\Área de Trabalho\Pelotense-Esportes\obs-studio\frontend\updater\resource.h">
      <Filter>Header Files</Filter>
    </ClInclude>
    <ClInclude Include="C:\Users\tsicr\OneDrive\Área de Trabalho\Pelotense-Esportes\obs-studio\frontend\updater\updater.hpp">
      <Filter>Header Files</Filter>
    </ClInclude>
    <ClInclude Include="C:\Users\tsicr\OneDrive\Área de Trabalho\Pelotense-Esportes\obs-studio\deps\blake2\src\blake2.h">
      <Filter>Header Files</Filter>
    </ClInclude>
  </ItemGroup>
  <ItemGroup>
    <CustomBuild Include="C:\Users\tsicr\OneDrive\Área de Trabalho\Pelotense-Esportes\obs-studio\frontend\updater\CMakeLists.txt" />
  </ItemGroup>
  <ItemGroup>
    <Natvis Include="C:\Users\tsicr\OneDrive\Área de Trabalho\Pelotense-Esportes\obs-studio\.deps\obs-deps-2026-08-26-x64\nlohmann_json.natvis" />
  </ItemGroup>
  <ItemGroup>
    <Object Include="C:\Users\tsicr\OneDrive\Área de Trabalho\Pelotense-Esportes\obs-build\deps\blake2\blake2_static.dir\$(Configuration)\blake2b-ref.obj">
      <Filter>Object Libraries</Filter>
    </Object>
  </ItemGroup>
  <ItemGroup>
    <ResourceCompile Include="C:\Users\tsicr\OneDrive\Área de Trabalho\Pelotense-Esportes\obs-studio\frontend\updater\updater.rc">
      <Filter>Source Files</Filter>
    </ResourceCompile>
  </ItemGroup>
  <ItemGroup>
    <Filter Include="Header Files">
      <UniqueIdentifier>{72937B53-55F5-3642-B1B3-CE4AE2B3440A}</UniqueIdentifier>
    </Filter>
    <Filter Include="Object Libraries">
      <UniqueIdentifier>{DA3CEE35-6FAA-3069-9731-EFB19ADE115F}</UniqueIdentifier>
    </Filter>
    <Filter Include="Source Files">
      <UniqueIdentifier>{2B5B5F7C-1801-36DC-8AB1-827BDA9CD738}</UniqueIdentifier>
    </Filter>
  </ItemGroup>
</Project>
