<?xml version="1.0" encoding="utf-8"?>
<Project ToolsVersion="17.0" xmlns="http://schemas.microsoft.com/developer/msbuild/2003">
  <ItemGroup>
    <ClCompile Include="C:\Users\tsicr\OneDrive\Área de Trabalho\Pelotense-Esportes\obs-build\plugins\obs-websocket\obs-websocket_autogen\mocs_compilation_Debug.cpp">
      <Filter>Source Files</Filter>
    </ClCompile>
    <ClCompile Include="C:\Users\tsicr\OneDrive\Área de Trabalho\Pelotense-Esportes\obs-studio\plugins\obs-websocket\src\Config.cpp">
      <Filter>Source Files</Filter>
    </ClCompile>
    <ClCompile Include="C:\Users\tsicr\OneDrive\Área de Trabalho\Pelotense-Esportes\obs-studio\plugins\obs-websocket\src\forms\ConnectInfo.cpp">
      <Filter>Source Files</Filter>
    </ClCompile>
    <ClCompile Include="C:\Users\tsicr\OneDrive\Área de Trabalho\Pelotense-Esportes\obs-studio\plugins\obs-websocket\src\forms\SettingsDialog.cpp">
      <Filter>Source Files</Filter>
    </ClCompile>
    <ClCompile Include="C:\Users\tsicr\OneDrive\Área de Trabalho\Pelotense-Esportes\obs-studio\plugins\obs-websocket\src\obs-websocket.cpp">
      <Filter>Source Files</Filter>
    </ClCompile>
    <ClCompile Include="C:\Users\tsicr\OneDrive\Área de Trabalho\Pelotense-Esportes\obs-studio\plugins\obs-websocket\src\WebSocketApi.cpp">
      <Filter>Source Files</Filter>
    </ClCompile>
    <ClCompile Include="C:\Users\tsicr\OneDrive\Área de Trabalho\Pelotense-Esportes\obs-studio\plugins\obs-websocket\src\websocketserver\WebSocketServer.cpp">
      <Filter>Source Files</Filter>
    </ClCompile>
    <ClCompile Include="C:\Users\tsicr\OneDrive\Área de Trabalho\Pelotense-Esportes\obs-studio\plugins\obs-websocket\src\websocketserver\WebSocketServer_Protocol.cpp">
      <Filter>Source Files</Filter>
    </ClCompile>
    <ClCompile Include="C:\Users\tsicr\OneDrive\Área de Trabalho\Pelotense-Esportes\obs-studio\plugins\obs-websocket\src\eventhandler\EventHandler.cpp">
      <Filter>Source Files</Filter>
    </ClCompile>
    <ClCompile Include="C:\Users\tsicr\OneDrive\Área de Trabalho\Pelotense-Esportes\obs-studio\plugins\obs-websocket\src\eventhandler\EventHandler_Canvases.cpp">
      <Filter>Source Files</Filter>
    </ClCompile>
    <ClCompile Include="C:\Users\tsicr\OneDrive\Área de Trabalho\Pelotense-Esportes\obs-studio\plugins\obs-websocket\src\eventhandler\EventHandler_Config.cpp">
      <Filter>Source Files</Filter>
    </ClCompile>
    <ClCompile Include="C:\Users\tsicr\OneDrive\Área de Trabalho\Pelotense-Esportes\obs-studio\plugins\obs-websocket\src\eventhandler\EventHandler_Filters.cpp">
      <Filter>Source Files</Filter>
    </ClCompile>
    <ClCompile Include="C:\Users\tsicr\OneDrive\Área de Trabalho\Pelotense-Esportes\obs-studio\plugins\obs-websocket\src\eventhandler\EventHandler_General.cpp">
      <Filter>Source Files</Filter>
    </ClCompile>
    <ClCompile Include="C:\Users\tsicr\OneDrive\Área de Trabalho\Pelotense-Esportes\obs-studio\plugins\obs-websocket\src\eventhandler\EventHandler_Inputs.cpp">
      <Filter>Source Files</Filter>
    </ClCompile>
    <ClCompile Include="C:\Users\tsicr\OneDrive\Área de Trabalho\Pelotense-Esportes\obs-studio\plugins\obs-websocket\src\eventhandler\EventHandler_MediaInputs.cpp">
      <Filter>Source Files</Filter>
    </ClCompile>
    <ClCompile Include="C:\Users\tsicr\OneDrive\Área de Trabalho\Pelotense-Esportes\obs-studio\plugins\obs-websocket\src\eventhandler\EventHandler_Outputs.cpp">
      <Filter>Source Files</Filter>
    </ClCompile>
    <ClCompile Include="C:\Users\tsicr\OneDrive\Área de Trabalho\Pelotense-Esportes\obs-studio\plugins\obs-websocket\src\eventhandler\EventHandler_SceneItems.cpp">
      <Filter>Source Files</Filter>
    </ClCompile>
    <ClCompile Include="C:\Users\tsicr\OneDrive\Área de Trabalho\Pelotense-Esportes\obs-studio\plugins\obs-websocket\src\eventhandler\EventHandler_Scenes.cpp">
      <Filter>Source Files</Filter>
    </ClCompile>
    <ClCompile Include="C:\Users\tsicr\OneDrive\Área de Trabalho\Pelotense-Esportes\obs-studio\plugins\obs-websocket\src\eventhandler\EventHandler_Transitions.cpp">
      <Filter>Source Files</Filter>
    </ClCompile>
    <ClCompile Include="C:\Users\tsicr\OneDrive\Área de Trabalho\Pelotense-Esportes\obs-studio\plugins\obs-websocket\src\eventhandler\EventHandler_Ui.cpp">
      <Filter>Source Files</Filter>
    </ClCompile>
    <ClCompile Include="C:\Users\tsicr\OneDrive\Área de Trabalho\Pelotense-Esportes\obs-studio\plugins\obs-websocket\src\requesthandler\RequestBatchHandler.cpp">
      <Filter>Source Files</Filter>
    </ClCompile>
    <ClCompile Include="C:\Users\tsicr\OneDrive\Área de Trabalho\Pelotense-Esportes\obs-studio\plugins\obs-websocket\src\requesthandler\RequestHandler.cpp">
      <Filter>Source Files</Filter>
    </ClCompile>
    <ClCompile Include="C:\Users\tsicr\OneDrive\Área de Trabalho\Pelotense-Esportes\obs-studio\plugins\obs-websocket\src\requesthandler\RequestHandler_Canvases.cpp">
      <Filter>Source Files</Filter>
    </ClCompile>
    <ClCompile Include="C:\Users\tsicr\OneDrive\Área de Trabalho\Pelotense-Esportes\obs-studio\plugins\obs-websocket\src\requesthandler\RequestHandler_Config.cpp">
      <Filter>Source Files</Filter>
    </ClCompile>
    <ClCompile Include="C:\Users\tsicr\OneDrive\Área de Trabalho\Pelotense-Esportes\obs-studio\plugins\obs-websocket\src\requesthandler\RequestHandler_Filters.cpp">
      <Filter>Source Files</Filter>
    </ClCompile>
    <ClCompile Include="C:\Users\tsicr\OneDrive\Área de Trabalho\Pelotense-Esportes\obs-studio\plugins\obs-websocket\src\requesthandler\RequestHandler_General.cpp">
      <Filter>Source Files</Filter>
    </ClCompile>
    <ClCompile Include="C:\Users\tsicr\OneDrive\Área de Trabalho\Pelotense-Esportes\obs-studio\plugins\obs-websocket\src\requesthandler\RequestHandler_Inputs.cpp">
      <Filter>Source Files</Filter>
    </ClCompile>
    <ClCompile Include="C:\Users\tsicr\OneDrive\Área de Trabalho\Pelotense-Esportes\obs-studio\plugins\obs-websocket\src\requesthandler\RequestHandler_MediaInputs.cpp">
      <Filter>Source Files</Filter>
    </ClCompile>
    <ClCompile Include="C:\Users\tsicr\OneDrive\Área de Trabalho\Pelotense-Esportes\obs-studio\plugins\obs-websocket\src\requesthandler\RequestHandler_Outputs.cpp">
      <Filter>Source Files</Filter>
    </ClCompile>
    <ClCompile Include="C:\Users\tsicr\OneDrive\Área de Trabalho\Pelotense-Esportes\obs-studio\plugins\obs-websocket\src\requesthandler\RequestHandler_Record.cpp">
      <Filter>Source Files</Filter>
    </ClCompile>
    <ClCompile Include="C:\Users\tsicr\OneDrive\Área de Trabalho\Pelotense-Esportes\obs-studio\plugins\obs-websocket\src\requesthandler\RequestHandler_SceneItems.cpp">
      <Filter>Source Files</Filter>
    </ClCompile>
    <ClCompile Include="C:\Users\tsicr\OneDrive\Área de Trabalho\Pelotense-Esportes\obs-studio\plugins\obs-websocket\src\requesthandler\RequestHandler_Scenes.cpp">
      <Filter>Source Files</Filter>
    </ClCompile>
    <ClCompile Include="C:\Users\tsicr\OneDrive\Área de Trabalho\Pelotense-Esportes\obs-studio\plugins\obs-websocket\src\requesthandler\RequestHandler_Sources.cpp">
      <Filter>Source Files</Filter>
    </ClCompile>
    <ClCompile Include="C:\Users\tsicr\OneDrive\Área de Trabalho\Pelotense-Esportes\obs-studio\plugins\obs-websocket\src\requesthandler\RequestHandler_Stream.cpp">
      <Filter>Source Files</Filter>
    </ClCompile>
    <ClCompile Include="C:\Users\tsicr\OneDrive\Área de Trabalho\Pelotense-Esportes\obs-studio\plugins\obs-websocket\src\requesthandler\RequestHandler_Transitions.cpp">
      <Filter>Source Files</Filter>
    </ClCompile>
    <ClCompile Include="C:\Users\tsicr\OneDrive\Área de Trabalho\Pelotense-Esportes\obs-studio\plugins\obs-websocket\src\requesthandler\RequestHandler_Ui.cpp">
      <Filter>Source Files</Filter>
    </ClCompile>
    <ClCompile Include="C:\Users\tsicr\OneDrive\Área de Trabalho\Pelotense-Esportes\obs-studio\plugins\obs-websocket\src\requesthandler\rpc\Request.cpp">
      <Filter>Source Files</Filter>
    </ClCompile>
    <ClCompile Include="C:\Users\tsicr\OneDrive\Área de Trabalho\Pelotense-Esportes\obs-studio\plugins\obs-websocket\src\requesthandler\rpc\RequestBatchRequest.cpp">
      <Filter>Source Files</Filter>
    </ClCompile>
    <ClCompile Include="C:\Users\tsicr\OneDrive\Área de Trabalho\Pelotense-Esportes\obs-studio\plugins\obs-websocket\src\requesthandler\rpc\RequestResult.cpp">
      <Filter>Source Files</Filter>
    </ClCompile>
    <ClCompile Include="C:\Users\tsicr\OneDrive\Área de Trabalho\Pelotense-Esportes\obs-studio\plugins\obs-websocket\src\utils\Compat.cpp">
      <Filter>Source Files</Filter>
    </ClCompile>
    <ClCompile Include="C:\Users\tsicr\OneDrive\Área de Trabalho\Pelotense-Esportes\obs-studio\plugins\obs-websocket\src\utils\Crypto.cpp">
      <Filter>Source Files</Filter>
    </ClCompile>
    <ClCompile Include="C:\Users\tsicr\OneDrive\Área de Trabalho\Pelotense-Esportes\obs-studio\plugins\obs-websocket\src\utils\Json.cpp">
      <Filter>Source Files</Filter>
    </ClCompile>
    <ClCompile Include="C:\Users\tsicr\OneDrive\Área de Trabalho\Pelotense-Esportes\obs-studio\plugins\obs-websocket\src\utils\Obs.cpp">
      <Filter>Source Files</Filter>
    </ClCompile>
    <ClCompile Include="C:\Users\tsicr\OneDrive\Área de Trabalho\Pelotense-Esportes\obs-studio\plugins\obs-websocket\src\utils\Obs_ActionHelper.cpp">
      <Filter>Source Files</Filter>
    </ClCompile>
    <ClCompile Include="C:\Users\tsicr\OneDrive\Área de Trabalho\Pelotense-Esportes\obs-studio\plugins\obs-websocket\src\utils\Obs_ArrayHelper.cpp">
      <Filter>Source Files</Filter>
    </ClCompile>
    <ClCompile Include="C:\Users\tsicr\OneDrive\Área de Trabalho\Pelotense-Esportes\obs-studio\plugins\obs-websocket\src\utils\Obs_NumberHelper.cpp">
      <Filter>Source Files</Filter>
    </ClCompile>
    <ClCompile Include="C:\Users\tsicr\OneDrive\Área de Trabalho\Pelotense-Esportes\obs-studio\plugins\obs-websocket\src\utils\Obs_ObjectHelper.cpp">
      <Filter>Source Files</Filter>
    </ClCompile>
    <ClCompile Include="C:\Users\tsicr\OneDrive\Área de Trabalho\Pelotense-Esportes\obs-studio\plugins\obs-websocket\src\utils\Obs_SearchHelper.cpp">
      <Filter>Source Files</Filter>
    </ClCompile>
    <ClCompile Include="C:\Users\tsicr\OneDrive\Área de Trabalho\Pelotense-Esportes\obs-studio\plugins\obs-websocket\src\utils\Obs_StringHelper.cpp">
      <Filter>Source Files</Filter>
    </ClCompile>
    <ClCompile Include="C:\Users\tsicr\OneDrive\Área de Trabalho\Pelotense-Esportes\obs-studio\plugins\obs-websocket\src\utils\Obs_VolumeMeter.cpp">
      <Filter>Source Files</Filter>
    </ClCompile>
    <ClCompile Include="C:\Users\tsicr\OneDrive\Área de Trabalho\Pelotense-Esportes\obs-studio\plugins\obs-websocket\src\utils\Platform.cpp">
      <Filter>Source Files</Filter>
    </ClCompile>
    <ClCompile Include="C:\Users\tsicr\OneDrive\Área de Trabalho\Pelotense-Esportes\obs-build\plugins\obs-websocket\obs-websocket_autogen\GYHPFG4CL2\qrc_resources_Debug.cpp">
      <Filter>Source Files</Filter>
    </ClCompile>
    <ClCompile Include="C:\Users\tsicr\OneDrive\Área de Trabalho\Pelotense-Esportes\obs-build\plugins\obs-websocket\obs-websocket_autogen\mocs_compilation_Release.cpp">
      <Filter>Source Files</Filter>
    </ClCompile>
    <ClCompile Include="C:\Users\tsicr\OneDrive\Área de Trabalho\Pelotense-Esportes\obs-build\plugins\obs-websocket\obs-websocket_autogen\GYHPFG4CL2\qrc_resources_Release.cpp">
      <Filter>Source Files</Filter>
    </ClCompile>
    <ClCompile Include="C:\Users\tsicr\OneDrive\Área de Trabalho\Pelotense-Esportes\obs-build\plugins\obs-websocket\obs-websocket_autogen\mocs_compilation_MinSizeRel.cpp">
      <Filter>Source Files</Filter>
    </ClCompile>
    <ClCompile Include="C:\Users\tsicr\OneDrive\Área de Trabalho\Pelotense-Esportes\obs-build\plugins\obs-websocket\obs-websocket_autogen\GYHPFG4CL2\qrc_resources_MinSizeRel.cpp">
      <Filter>Source Files</Filter>
    </ClCompile>
    <ClCompile Include="C:\Users\tsicr\OneDrive\Área de Trabalho\Pelotense-Esportes\obs-build\plugins\obs-websocket\obs-websocket_autogen\mocs_compilation_RelWithDebInfo.cpp">
      <Filter>Source Files</Filter>
    </ClCompile>
    <ClCompile Include="C:\Users\tsicr\OneDrive\Área de Trabalho\Pelotense-Esportes\obs-build\plugins\obs-websocket\obs-websocket_autogen\GYHPFG4CL2\qrc_resources_RelWithDebInfo.cpp">
      <Filter>Source Files</Filter>
    </ClCompile>
  </ItemGroup>
  <ItemGroup>
    <ClInclude Include="C:\Users\tsicr\OneDrive\Área de Trabalho\Pelotense-Esportes\obs-studio\plugins\obs-websocket\src\Config.h">
      <Filter>Header Files</Filter>
    </ClInclude>
    <ClInclude Include="C:\Users\tsicr\OneDrive\Área de Trabalho\Pelotense-Esportes\obs-studio\plugins\obs-websocket\src\forms\ConnectInfo.h">
      <Filter>Header Files</Filter>
    </ClInclude>
    <ClInclude Include="C:\Users\tsicr\OneDrive\Área de Trabalho\Pelotense-Esportes\obs-studio\plugins\obs-websocket\src\forms\SettingsDialog.h">
      <Filter>Header Files</Filter>
    </ClInclude>
    <ClInclude Include="C:\Users\tsicr\OneDrive\Área de Trabalho\Pelotense-Esportes\obs-studio\plugins\obs-websocket\src\obs-websocket.h">
      <Filter>Header Files</Filter>
    </ClInclude>
    <ClInclude Include="C:\Users\tsicr\OneDrive\Área de Trabalho\Pelotense-Esportes\obs-studio\plugins\obs-websocket\src\WebSocketApi.h">
      <Filter>Header Files</Filter>
    </ClInclude>
    <ClInclude Include="C:\Users\tsicr\OneDrive\Área de Trabalho\Pelotense-Esportes\obs-studio\plugins\obs-websocket\src\websocketserver\rpc\WebSocketSession.h">
      <Filter>Header Files</Filter>
    </ClInclude>
    <ClInclude Include="C:\Users\tsicr\OneDrive\Área de Trabalho\Pelotense-Esportes\obs-studio\plugins\obs-websocket\src\websocketserver\types\WebSocketCloseCode.h">
      <Filter>Header Files</Filter>
    </ClInclude>
    <ClInclude Include="C:\Users\tsicr\OneDrive\Área de Trabalho\Pelotense-Esportes\obs-studio\plugins\obs-websocket\src\websocketserver\types\WebSocketOpCode.h">
      <Filter>Header Files</Filter>
    </ClInclude>
    <ClInclude Include="C:\Users\tsicr\OneDrive\Área de Trabalho\Pelotense-Esportes\obs-studio\plugins\obs-websocket\src\websocketserver\WebSocketServer.h">
      <Filter>Header Files</Filter>
    </ClInclude>
    <ClInclude Include="C:\Users\tsicr\OneDrive\Área de Trabalho\Pelotense-Esportes\obs-studio\plugins\obs-websocket\src\eventhandler\EventHandler.h">
      <Filter>Header Files</Filter>
    </ClInclude>
    <ClInclude Include="C:\Users\tsicr\OneDrive\Área de Trabalho\Pelotense-Esportes\obs-studio\plugins\obs-websocket\src\eventhandler\types\EventSubscription.h">
      <Filter>Header Files</Filter>
    </ClInclude>
    <ClInclude Include="C:\Users\tsicr\OneDrive\Área de Trabalho\Pelotense-Esportes\obs-studio\plugins\obs-websocket\src\requesthandler\RequestBatchHandler.h">
      <Filter>Header Files</Filter>
    </ClInclude>
    <ClInclude Include="C:\Users\tsicr\OneDrive\Área de Trabalho\Pelotense-Esportes\obs-studio\plugins\obs-websocket\src\requesthandler\RequestHandler.h">
      <Filter>Header Files</Filter>
    </ClInclude>
    <ClInclude Include="C:\Users\tsicr\OneDrive\Área de Trabalho\Pelotense-Esportes\obs-studio\plugins\obs-websocket\src\requesthandler\rpc\Request.h">
      <Filter>Header Files</Filter>
    </ClInclude>
    <ClInclude Include="C:\Users\tsicr\OneDrive\Área de Trabalho\Pelotense-Esportes\obs-studio\plugins\obs-websocket\src\requesthandler\rpc\RequestBatchRequest.h">
      <Filter>Header Files</Filter>
    </ClInclude>
    <ClInclude Include="C:\Users\tsicr\OneDrive\Área de Trabalho\Pelotense-Esportes\obs-studio\plugins\obs-websocket\src\requesthandler\rpc\RequestResult.h">
      <Filter>Header Files</Filter>
    </ClInclude>
    <ClInclude Include="C:\Users\tsicr\OneDrive\Área de Trabalho\Pelotense-Esportes\obs-studio\plugins\obs-websocket\src\requesthandler\types\RequestBatchExecutionType.h">
      <Filter>Header Files</Filter>
    </ClInclude>
    <ClInclude Include="C:\Users\tsicr\OneDrive\Área de Trabalho\Pelotense-Esportes\obs-studio\plugins\obs-websocket\src\requesthandler\types\RequestStatus.h">
      <Filter>Header Files</Filter>
    </ClInclude>
    <ClInclude Include="C:\Users\tsicr\OneDrive\Área de Trabalho\Pelotense-Esportes\obs-studio\plugins\obs-websocket\src\utils\Compat.h">
      <Filter>Header Files</Filter>
    </ClInclude>
    <ClInclude Include="C:\Users\tsicr\OneDrive\Área de Trabalho\Pelotense-Esportes\obs-studio\plugins\obs-websocket\src\utils\Crypto.h">
      <Filter>Header Files</Filter>
    </ClInclude>
    <ClInclude Include="C:\Users\tsicr\OneDrive\Área de Trabalho\Pelotense-Esportes\obs-studio\plugins\obs-websocket\src\utils\Json.h">
      <Filter>Header Files</Filter>
    </ClInclude>
    <ClInclude Include="C:\Users\tsicr\OneDrive\Área de Trabalho\Pelotense-Esportes\obs-studio\plugins\obs-websocket\src\utils\Obs.h">
      <Filter>Header Files</Filter>
    </ClInclude>
    <ClInclude Include="C:\Users\tsicr\OneDrive\Área de Trabalho\Pelotense-Esportes\obs-studio\plugins\obs-websocket\src\utils\Obs_VolumeMeter.h">
      <Filter>Header Files</Filter>
    </ClInclude>
    <ClInclude Include="C:\Users\tsicr\OneDrive\Área de Trabalho\Pelotense-Esportes\obs-studio\plugins\obs-websocket\src\utils\Obs_VolumeMeter_Helpers.h">
      <Filter>Header Files</Filter>
    </ClInclude>
    <ClInclude Include="C:\Users\tsicr\OneDrive\Área de Trabalho\Pelotense-Esportes\obs-studio\plugins\obs-websocket\src\utils\Platform.h">
      <Filter>Header Files</Filter>
    </ClInclude>
    <ClInclude Include="C:\Users\tsicr\OneDrive\Área de Trabalho\Pelotense-Esportes\obs-studio\plugins\obs-websocket\src\utils\Utils.h">
      <Filter>Header Files</Filter>
    </ClInclude>
    <ClInclude Include="C:\Users\tsicr\OneDrive\Área de Trabalho\Pelotense-Esportes\obs-build\plugins\obs-websocket\plugin-macros.generated.h">
      <Filter>Header Files</Filter>
    </ClInclude>
    <ClInclude Include="C:\Users\tsicr\OneDrive\Área de Trabalho\Pelotense-Esportes\obs-build\libobs\libobs_EXPORT.h">
      <Filter>Header Files</Filter>
    </ClInclude>
    <ClInclude Include="C:\Users\tsicr\OneDrive\Área de Trabalho\Pelotense-Esportes\obs-build\deps\w32-pthreads\w32-pthreads_EXPORT.h">
      <Filter>Header Files</Filter>
    </ClInclude>
    <ClInclude Include="C:\Users\tsicr\OneDrive\Área de Trabalho\Pelotense-Esportes\obs-build\frontend\api\obs-frontend-api_EXPORT.h">
      <Filter>Header Files</Filter>
    </ClInclude>
    <ClInclude Include="C:\Users\tsicr\OneDrive\Área de Trabalho\Pelotense-Esportes\obs-studio\plugins\obs-websocket\lib\obs-websocket-api.h">
      <Filter>Header Files</Filter>
    </ClInclude>
  </ItemGroup>
  <ItemGroup>
    <CustomBuild Include="C:\Users\tsicr\OneDrive\Área de Trabalho\Pelotense-Esportes\obs-build\CMakeFiles\16082721743b1e44f080a0c26512aaea\qrc_resources_(CONFIG).cpp.rule">
      <Filter>CMake Rules</Filter>
    </CustomBuild>
    <CustomBuild Include="C:\Users\tsicr\OneDrive\Área de Trabalho\Pelotense-Esportes\obs-studio\plugins\obs-websocket\CMakeLists.txt" />
  </ItemGroup>
  <ItemGroup>
    <Natvis Include="C:\Users\tsicr\OneDrive\Área de Trabalho\Pelotense-Esportes\obs-studio\.deps\obs-deps-2026-08-26-x64\nlohmann_json.natvis" />
  </ItemGroup>
  <ItemGroup>
    <None Include="C:\Users\tsicr\OneDrive\Área de Trabalho\Pelotense-Esportes\obs-studio\plugins\obs-websocket\src\forms\resources.qrc">
      <Filter>UI Files\src\forms</Filter>
    </None>
    <None Include="C:\Users\tsicr\OneDrive\Área de Trabalho\Pelotense-Esportes\obs-studio\plugins\obs-websocket\data\locale\af-ZA.ini">
      <Filter>Resources\locale</Filter>
    </None>
    <None Include="C:\Users\tsicr\OneDrive\Área de Trabalho\Pelotense-Esportes\obs-studio\plugins\obs-websocket\data\locale\ar-SA.ini">
      <Filter>Resources\locale</Filter>
    </None>
    <None Include="C:\Users\tsicr\OneDrive\Área de Trabalho\Pelotense-Esportes\obs-studio\plugins\obs-websocket\data\locale\az-AZ.ini">
      <Filter>Resources\locale</Filter>
    </None>
    <None Include="C:\Users\tsicr\OneDrive\Área de Trabalho\Pelotense-Esportes\obs-studio\plugins\obs-websocket\data\locale\be-BY.ini">
      <Filter>Resources\locale</Filter>
    </None>
    <None Include="C:\Users\tsicr\OneDrive\Área de Trabalho\Pelotense-Esportes\obs-studio\plugins\obs-websocket\data\locale\ca-ES.ini">
      <Filter>Resources\locale</Filter>
    </None>
    <None Include="C:\Users\tsicr\OneDrive\Área de Trabalho\Pelotense-Esportes\obs-studio\plugins\obs-websocket\data\locale\cs-CZ.ini">
      <Filter>Resources\locale</Filter>
    </None>
    <None Include="C:\Users\tsicr\OneDrive\Área de Trabalho\Pelotense-Esportes\obs-studio\plugins\obs-websocket\data\locale\da-DK.ini">
      <Filter>Resources\locale</Filter>
    </None>
    <None Include="C:\Users\tsicr\OneDrive\Área de Trabalho\Pelotense-Esportes\obs-studio\plugins\obs-websocket\data\locale\de-DE.ini">
      <Filter>Resources\locale</Filter>
    </None>
    <None Include="C:\Users\tsicr\OneDrive\Área de Trabalho\Pelotense-Esportes\obs-studio\plugins\obs-websocket\data\locale\el-GR.ini">
      <Filter>Resources\locale</Filter>
    </None>
    <None Include="C:\Users\tsicr\OneDrive\Área de Trabalho\Pelotense-Esportes\obs-studio\plugins\obs-websocket\data\locale\en-GB.ini">
      <Filter>Resources\locale</Filter>
    </None>
    <None Include="C:\Users\tsicr\OneDrive\Área de Trabalho\Pelotense-Esportes\obs-studio\plugins\obs-websocket\data\locale\en-US.ini">
      <Filter>Resources\locale</Filter>
    </None>
    <None Include="C:\Users\tsicr\OneDrive\Área de Trabalho\Pelotense-Esportes\obs-studio\plugins\obs-websocket\data\locale\es-ES.ini">
      <Filter>Resources\locale</Filter>
    </None>
    <None Include="C:\Users\tsicr\OneDrive\Área de Trabalho\Pelotense-Esportes\obs-studio\plugins\obs-websocket\data\locale\et-EE.ini">
      <Filter>Resources\locale</Filter>
    </None>
    <None Include="C:\Users\tsicr\OneDrive\Área de Trabalho\Pelotense-Esportes\obs-studio\plugins\obs-websocket\data\locale\eu-ES.ini">
      <Filter>Resources\locale</Filter>
    </None>
    <None Include="C:\Users\tsicr\OneDrive\Área de Trabalho\Pelotense-Esportes\obs-studio\plugins\obs-websocket\data\locale\fa-IR.ini">
      <Filter>Resources\locale</Filter>
    </None>
    <None Include="C:\Users\tsicr\OneDrive\Área de Trabalho\Pelotense-Esportes\obs-studio\plugins\obs-websocket\data\locale\fi-FI.ini">
      <Filter>Resources\locale</Filter>
    </None>
    <None Include="C:\Users\tsicr\OneDrive\Área de Trabalho\Pelotense-Esportes\obs-studio\plugins\obs-websocket\data\locale\fil-PH.ini">
      <Filter>Resources\locale</Filter>
    </None>
    <None Include="C:\Users\tsicr\OneDrive\Área de Trabalho\Pelotense-Esportes\obs-studio\plugins\obs-websocket\data\locale\fr-FR.ini">
      <Filter>Resources\locale</Filter>
    </None>
    <None Include="C:\Users\tsicr\OneDrive\Área de Trabalho\Pelotense-Esportes\obs-studio\plugins\obs-websocket\data\locale\gl-ES.ini">
      <Filter>Resources\locale</Filter>
    </None>
    <None Include="C:\Users\tsicr\OneDrive\Área de Trabalho\Pelotense-Esportes\obs-studio\plugins\obs-websocket\data\locale\he-IL.ini">
      <Filter>Resources\locale</Filter>
    </None>
    <None Include="C:\Users\tsicr\OneDrive\Área de Trabalho\Pelotense-Esportes\obs-studio\plugins\obs-websocket\data\locale\hi-IN.ini">
      <Filter>Resources\locale</Filter>
    </None>
    <None Include="C:\Users\tsicr\OneDrive\Área de Trabalho\Pelotense-Esportes\obs-studio\plugins\obs-websocket\data\locale\hr-HR.ini">
      <Filter>Resources\locale</Filter>
    </None>
    <None Include="C:\Users\tsicr\OneDrive\Área de Trabalho\Pelotense-Esportes\obs-studio\plugins\obs-websocket\data\locale\hu-HU.ini">
      <Filter>Resources\locale</Filter>
    </None>
    <None Include="C:\Users\tsicr\OneDrive\Área de Trabalho\Pelotense-Esportes\obs-studio\plugins\obs-websocket\data\locale\hy-AM.ini">
      <Filter>Resources\locale</Filter>
    </None>
    <None Include="C:\Users\tsicr\OneDrive\Área de Trabalho\Pelotense-Esportes\obs-studio\plugins\obs-websocket\data\locale\id-ID.ini">
      <Filter>Resources\locale</Filter>
    </None>
    <None Include="C:\Users\tsicr\OneDrive\Área de Trabalho\Pelotense-Esportes\obs-studio\plugins\obs-websocket\data\locale\it-IT.ini">
      <Filter>Resources\locale</Filter>
    </None>
    <None Include="C:\Users\tsicr\OneDrive\Área de Trabalho\Pelotense-Esportes\obs-studio\plugins\obs-websocket\data\locale\ja-JP.ini">
      <Filter>Resources\locale</Filter>
    </None>
    <None Include="C:\Users\tsicr\OneDrive\Área de Trabalho\Pelotense-Esportes\obs-studio\plugins\obs-websocket\data\locale\ka-GE.ini">
      <Filter>Resources\locale</Filter>
    </None>
    <None Include="C:\Users\tsicr\OneDrive\Área de Trabalho\Pelotense-Esportes\obs-studio\plugins\obs-websocket\data\locale\kaa.ini">
      <Filter>Resources\locale</Filter>
    </None>
    <None Include="C:\Users\tsicr\OneDrive\Área de Trabalho\Pelotense-Esportes\obs-studio\plugins\obs-websocket\data\locale\kab-KAB.ini">
      <Filter>Resources\locale</Filter>
    </None>
    <None Include="C:\Users\tsicr\OneDrive\Área de Trabalho\Pelotense-Esportes\obs-studio\plugins\obs-websocket\data\locale\kmr-TR.ini">
      <Filter>Resources\locale</Filter>
    </None>
    <None Include="C:\Users\tsicr\OneDrive\Área de Trabalho\Pelotense-Esportes\obs-studio\plugins\obs-websocket\data\locale\ko-KR.ini">
      <Filter>Resources\locale</Filter>
    </None>
    <None Include="C:\Users\tsicr\OneDrive\Área de Trabalho\Pelotense-Esportes\obs-studio\plugins\obs-websocket\data\locale\lo-LA.ini">
      <Filter>Resources\locale</Filter>
    </None>
    <None Include="C:\Users\tsicr\OneDrive\Área de Trabalho\Pelotense-Esportes\obs-studio\plugins\obs-websocket\data\locale\ms-MY.ini">
      <Filter>Resources\locale</Filter>
    </None>
    <None Include="C:\Users\tsicr\OneDrive\Área de Trabalho\Pelotense-Esportes\obs-studio\plugins\obs-websocket\data\locale\nb-NO.ini">
      <Filter>Resources\locale</Filter>
    </None>
    <None Include="C:\Users\tsicr\OneDrive\Área de Trabalho\Pelotense-Esportes\obs-studio\plugins\obs-websocket\data\locale\nl-NL.ini">
      <Filter>Resources\locale</Filter>
    </None>
    <None Include="C:\Users\tsicr\OneDrive\Área de Trabalho\Pelotense-Esportes\obs-studio\plugins\obs-websocket\data\locale\nn-NO.ini">
      <Filter>Resources\locale</Filter>
    </None>
    <None Include="C:\Users\tsicr\OneDrive\Área de Trabalho\Pelotense-Esportes\obs-studio\plugins\obs-websocket\data\locale\pl-PL.ini">
      <Filter>Resources\locale</Filter>
    </None>
    <None Include="C:\Users\tsicr\OneDrive\Área de Trabalho\Pelotense-Esportes\obs-studio\plugins\obs-websocket\data\locale\pt-BR.ini">
      <Filter>Resources\locale</Filter>
    </None>
    <None Include="C:\Users\tsicr\OneDrive\Área de Trabalho\Pelotense-Esportes\obs-studio\plugins\obs-websocket\data\locale\pt-PT.ini">
      <Filter>Resources\locale</Filter>
    </None>
    <None Include="C:\Users\tsicr\OneDrive\Área de Trabalho\Pelotense-Esportes\obs-studio\plugins\obs-websocket\data\locale\ro-RO.ini">
      <Filter>Resources\locale</Filter>
    </None>
    <None Include="C:\Users\tsicr\OneDrive\Área de Trabalho\Pelotense-Esportes\obs-studio\plugins\obs-websocket\data\locale\ru-RU.ini">
      <Filter>Resources\locale</Filter>
    </None>
    <None Include="C:\Users\tsicr\OneDrive\Área de Trabalho\Pelotense-Esportes\obs-studio\plugins\obs-websocket\data\locale\si-LK.ini">
      <Filter>Resources\locale</Filter>
    </None>
    <None Include="C:\Users\tsicr\OneDrive\Área de Trabalho\Pelotense-Esportes\obs-studio\plugins\obs-websocket\data\locale\sk-SK.ini">
      <Filter>Resources\locale</Filter>
    </None>
    <None Include="C:\Users\tsicr\OneDrive\Área de Trabalho\Pelotense-Esportes\obs-studio\plugins\obs-websocket\data\locale\sl-SI.ini">
      <Filter>Resources\locale</Filter>
    </None>
    <None Include="C:\Users\tsicr\OneDrive\Área de Trabalho\Pelotense-Esportes\obs-studio\plugins\obs-websocket\data\locale\sq-AL.ini">
      <Filter>Resources\locale</Filter>
    </None>
    <None Include="C:\Users\tsicr\OneDrive\Área de Trabalho\Pelotense-Esportes\obs-studio\plugins\obs-websocket\data\locale\sr-SP.ini">
      <Filter>Resources\locale</Filter>
    </None>
    <None Include="C:\Users\tsicr\OneDrive\Área de Trabalho\Pelotense-Esportes\obs-studio\plugins\obs-websocket\data\locale\sv-SE.ini">
      <Filter>Resources\locale</Filter>
    </None>
    <None Include="C:\Users\tsicr\OneDrive\Área de Trabalho\Pelotense-Esportes\obs-studio\plugins\obs-websocket\data\locale\th-TH.ini">
      <Filter>Resources\locale</Filter>
    </None>
    <None Include="C:\Users\tsicr\OneDrive\Área de Trabalho\Pelotense-Esportes\obs-studio\plugins\obs-websocket\data\locale\tl-PH.ini">
      <Filter>Resources\locale</Filter>
    </None>
    <None Include="C:\Users\tsicr\OneDrive\Área de Trabalho\Pelotense-Esportes\obs-studio\plugins\obs-websocket\data\locale\tr-TR.ini">
      <Filter>Resources\locale</Filter>
    </None>
    <None Include="C:\Users\tsicr\OneDrive\Área de Trabalho\Pelotense-Esportes\obs-studio\plugins\obs-websocket\data\locale\tt-RU.ini">
      <Filter>Resources\locale</Filter>
    </None>
    <None Include="C:\Users\tsicr\OneDrive\Área de Trabalho\Pelotense-Esportes\obs-studio\plugins\obs-websocket\data\locale\ug-CN.ini">
      <Filter>Resources\locale</Filter>
    </None>
    <None Include="C:\Users\tsicr\OneDrive\Área de Trabalho\Pelotense-Esportes\obs-studio\plugins\obs-websocket\data\locale\uk-UA.ini">
      <Filter>Resources\locale</Filter>
    </None>
    <None Include="C:\Users\tsicr\OneDrive\Área de Trabalho\Pelotense-Esportes\obs-studio\plugins\obs-websocket\data\locale\vi-VN.ini">
      <Filter>Resources\locale</Filter>
    </None>
    <None Include="C:\Users\tsicr\OneDrive\Área de Trabalho\Pelotense-Esportes\obs-studio\plugins\obs-websocket\data\locale\zh-CN.ini">
      <Filter>Resources\locale</Filter>
    </None>
    <None Include="C:\Users\tsicr\OneDrive\Área de Trabalho\Pelotense-Esportes\obs-studio\plugins\obs-websocket\data\locale\zh-TW.ini">
      <Filter>Resources\locale</Filter>
    </None>
  </ItemGroup>
  <ItemGroup>
    <Filter Include="CMake Rules">
      <UniqueIdentifier>{3468A2B1-C483-3C89-96F9-C010E76E0493}</UniqueIdentifier>
    </Filter>
    <Filter Include="Header Files">
      <UniqueIdentifier>{72937B53-55F5-3642-B1B3-CE4AE2B3440A}</UniqueIdentifier>
    </Filter>
    <Filter Include="Resources">
      <UniqueIdentifier>{31E54B00-6D9C-3A65-BC29-F75519784263}</UniqueIdentifier>
    </Filter>
    <Filter Include="Resources\locale">
      <UniqueIdentifier>{571951D7-4D02-34CA-875A-1604CFF8C658}</UniqueIdentifier>
    </Filter>
    <Filter Include="Source Files">
      <UniqueIdentifier>{2B5B5F7C-1801-36DC-8AB1-827BDA9CD738}</UniqueIdentifier>
    </Filter>
    <Filter Include="UI Files">
      <UniqueIdentifier>{E7E2E1F5-3AE5-317D-9358-F5358612AB17}</UniqueIdentifier>
    </Filter>
    <Filter Include="UI Files\src">
      <UniqueIdentifier>{3ADF1242-43D3-3946-A0E3-22A16F2F7FF9}</UniqueIdentifier>
    </Filter>
    <Filter Include="UI Files\src\forms">
      <UniqueIdentifier>{E3246FEE-9F72-301C-A394-BC50FD0B8E13}</UniqueIdentifier>
    </Filter>
  </ItemGroup>
</Project>
