<?xml version="1.0" encoding="utf-8"?>
<Project ToolsVersion="17.0" xmlns="http://schemas.microsoft.com/developer/msbuild/2003">
  <ItemGroup>
    <ClCompile Include="C:\Users\tsicr\OneDrive\Área de Trabalho\Pelotense-Esportes\obs-studio\plugins\win-capture\app-helpers.c">
      <Filter>Source Files</Filter>
    </ClCompile>
    <ClCompile Include="C:\Users\tsicr\OneDrive\Área de Trabalho\Pelotense-Esportes\obs-studio\plugins\win-capture\audio-helpers.c">
      <Filter>Source Files</Filter>
    </ClCompile>
    <ClCompile Include="C:\Users\tsicr\OneDrive\Área de Trabalho\Pelotense-Esportes\obs-studio\plugins\win-capture\compat-helpers.c">
      <Filter>Source Files</Filter>
    </ClCompile>
    <ClCompile Include="C:\Users\tsicr\OneDrive\Área de Trabalho\Pelotense-Esportes\obs-studio\plugins\win-capture\cursor-capture.c">
      <Filter>Source Files</Filter>
    </ClCompile>
    <ClCompile Include="C:\Users\tsicr\OneDrive\Área de Trabalho\Pelotense-Esportes\obs-studio\plugins\win-capture\dc-capture.c">
      <Filter>Source Files</Filter>
    </ClCompile>
    <ClCompile Include="C:\Users\tsicr\OneDrive\Área de Trabalho\Pelotense-Esportes\obs-studio\plugins\win-capture\duplicator-monitor-capture.c">
      <Filter>Source Files</Filter>
    </ClCompile>
    <ClCompile Include="C:\Users\tsicr\OneDrive\Área de Trabalho\Pelotense-Esportes\obs-studio\plugins\win-capture\game-capture-file-init.c">
      <Filter>Source Files</Filter>
    </ClCompile>
    <ClCompile Include="C:\Users\tsicr\OneDrive\Área de Trabalho\Pelotense-Esportes\obs-studio\plugins\win-capture\game-capture.c">
      <Filter>Source Files</Filter>
    </ClCompile>
    <ClCompile Include="C:\Users\tsicr\OneDrive\Área de Trabalho\Pelotense-Esportes\obs-studio\plugins\win-capture\load-graphics-offsets.c">
      <Filter>Source Files</Filter>
    </ClCompile>
    <ClCompile Include="C:\Users\tsicr\OneDrive\Área de Trabalho\Pelotense-Esportes\obs-studio\plugins\win-capture\monitor-capture.c">
      <Filter>Source Files</Filter>
    </ClCompile>
    <ClCompile Include="C:\Users\tsicr\OneDrive\Área de Trabalho\Pelotense-Esportes\obs-studio\plugins\win-capture\nt-stuff.c">
      <Filter>Source Files</Filter>
    </ClCompile>
    <ClCompile Include="C:\Users\tsicr\OneDrive\Área de Trabalho\Pelotense-Esportes\obs-studio\plugins\win-capture\plugin-main.c">
      <Filter>Source Files</Filter>
    </ClCompile>
    <ClCompile Include="C:\Users\tsicr\OneDrive\Área de Trabalho\Pelotense-Esportes\obs-studio\plugins\win-capture\window-capture.c">
      <Filter>Source Files</Filter>
    </ClCompile>
    <ClCompile Include="C:\Users\tsicr\OneDrive\Área de Trabalho\Pelotense-Esportes\obs-studio\shared\file-updater\file-updater\file-updater.c">
      <Filter>Source Files</Filter>
    </ClCompile>
    <ClCompile Include="C:\Users\tsicr\OneDrive\Área de Trabalho\Pelotense-Esportes\obs-studio\shared\obs-inject-library\inject-library.c">
      <Filter>Source Files</Filter>
    </ClCompile>
    <ClCompile Include="C:\Users\tsicr\OneDrive\Área de Trabalho\Pelotense-Esportes\obs-studio\libobs\util\windows\obfuscate.c">
      <Filter>Source Files</Filter>
    </ClCompile>
    <ClCompile Include="C:\Users\tsicr\OneDrive\Área de Trabalho\Pelotense-Esportes\obs-studio\shared\ipc-util\ipc-util\pipe-windows.c">
      <Filter>Source Files</Filter>
    </ClCompile>
  </ItemGroup>
  <ItemGroup>
    <ClInclude Include="C:\Users\tsicr\OneDrive\Área de Trabalho\Pelotense-Esportes\obs-studio\plugins\win-capture\app-helpers.h">
      <Filter>Header Files</Filter>
    </ClInclude>
    <ClInclude Include="C:\Users\tsicr\OneDrive\Área de Trabalho\Pelotense-Esportes\obs-studio\plugins\win-capture\audio-helpers.h">
      <Filter>Header Files</Filter>
    </ClInclude>
    <ClInclude Include="C:\Users\tsicr\OneDrive\Área de Trabalho\Pelotense-Esportes\obs-studio\plugins\win-capture\compat-format-ver.h">
      <Filter>Header Files</Filter>
    </ClInclude>
    <ClInclude Include="C:\Users\tsicr\OneDrive\Área de Trabalho\Pelotense-Esportes\obs-studio\plugins\win-capture\compat-helpers.h">
      <Filter>Header Files</Filter>
    </ClInclude>
    <ClInclude Include="C:\Users\tsicr\OneDrive\Área de Trabalho\Pelotense-Esportes\obs-studio\plugins\win-capture\cursor-capture.h">
      <Filter>Header Files</Filter>
    </ClInclude>
    <ClInclude Include="C:\Users\tsicr\OneDrive\Área de Trabalho\Pelotense-Esportes\obs-studio\plugins\win-capture\dc-capture.h">
      <Filter>Header Files</Filter>
    </ClInclude>
    <ClInclude Include="C:\Users\tsicr\OneDrive\Área de Trabalho\Pelotense-Esportes\obs-studio\plugins\win-capture\nt-stuff.h">
      <Filter>Header Files</Filter>
    </ClInclude>
    <ClInclude Include="C:\Users\tsicr\OneDrive\Área de Trabalho\Pelotense-Esportes\obs-studio\shared\file-updater\file-updater\file-updater.h">
      <Filter>Header Files</Filter>
    </ClInclude>
    <ClInclude Include="C:\Users\tsicr\OneDrive\Área de Trabalho\Pelotense-Esportes\obs-build\deps\w32-pthreads\w32-pthreads_EXPORT.h">
      <Filter>Header Files</Filter>
    </ClInclude>
    <ClInclude Include="C:\Users\tsicr\OneDrive\Área de Trabalho\Pelotense-Esportes\obs-studio\shared\obs-hook-config\graphics-hook-ver.h">
      <Filter>Header Files</Filter>
    </ClInclude>
    <ClInclude Include="C:\Users\tsicr\OneDrive\Área de Trabalho\Pelotense-Esportes\obs-studio\shared\obs-hook-config\graphics-hook-info.h">
      <Filter>Header Files</Filter>
    </ClInclude>
    <ClInclude Include="C:\Users\tsicr\OneDrive\Área de Trabalho\Pelotense-Esportes\obs-studio\shared\obs-hook-config\hook-helpers.h">
      <Filter>Header Files</Filter>
    </ClInclude>
    <ClInclude Include="C:\Users\tsicr\OneDrive\Área de Trabalho\Pelotense-Esportes\obs-studio\shared\obs-inject-library\inject-library.h">
      <Filter>Header Files</Filter>
    </ClInclude>
    <ClInclude Include="C:\Users\tsicr\OneDrive\Área de Trabalho\Pelotense-Esportes\obs-studio\libobs\util\windows\obfuscate.h">
      <Filter>Header Files</Filter>
    </ClInclude>
    <ClInclude Include="C:\Users\tsicr\OneDrive\Área de Trabalho\Pelotense-Esportes\obs-studio\shared\ipc-util\ipc-util\pipe.h">
      <Filter>Header Files</Filter>
    </ClInclude>
    <ClInclude Include="C:\Users\tsicr\OneDrive\Área de Trabalho\Pelotense-Esportes\obs-studio\shared\ipc-util\ipc-util\pipe-windows.h">
      <Filter>Header Files</Filter>
    </ClInclude>
    <ClInclude Include="C:\Users\tsicr\OneDrive\Área de Trabalho\Pelotense-Esportes\obs-build\libobs\libobs_EXPORT.h">
      <Filter>Header Files</Filter>
    </ClInclude>
    <ClInclude Include="C:\Users\tsicr\OneDrive\Área de Trabalho\Pelotense-Esportes\obs-studio\libobs-winrt\winrt-capture.h">
      <Filter>Header Files</Filter>
    </ClInclude>
  </ItemGroup>
  <ItemGroup>
    <CustomBuild Include="C:\Users\tsicr\OneDrive\Área de Trabalho\Pelotense-Esportes\obs-studio\plugins\win-capture\CMakeLists.txt" />
  </ItemGroup>
  <ItemGroup>
    <None Include="C:\Users\tsicr\OneDrive\Área de Trabalho\Pelotense-Esportes\obs-studio\plugins\win-capture\data\compatibility.json">
      <Filter>Resources</Filter>
    </None>
    <None Include="C:\Users\tsicr\OneDrive\Área de Trabalho\Pelotense-Esportes\obs-studio\plugins\win-capture\data\locale\af-ZA.ini">
      <Filter>Resources\locale</Filter>
    </None>
    <None Include="C:\Users\tsicr\OneDrive\Área de Trabalho\Pelotense-Esportes\obs-studio\plugins\win-capture\data\locale\ar-SA.ini">
      <Filter>Resources\locale</Filter>
    </None>
    <None Include="C:\Users\tsicr\OneDrive\Área de Trabalho\Pelotense-Esportes\obs-studio\plugins\win-capture\data\locale\az-AZ.ini">
      <Filter>Resources\locale</Filter>
    </None>
    <None Include="C:\Users\tsicr\OneDrive\Área de Trabalho\Pelotense-Esportes\obs-studio\plugins\win-capture\data\locale\ba-RU.ini">
      <Filter>Resources\locale</Filter>
    </None>
    <None Include="C:\Users\tsicr\OneDrive\Área de Trabalho\Pelotense-Esportes\obs-studio\plugins\win-capture\data\locale\be-BY.ini">
      <Filter>Resources\locale</Filter>
    </None>
    <None Include="C:\Users\tsicr\OneDrive\Área de Trabalho\Pelotense-Esportes\obs-studio\plugins\win-capture\data\locale\bg-BG.ini">
      <Filter>Resources\locale</Filter>
    </None>
    <None Include="C:\Users\tsicr\OneDrive\Área de Trabalho\Pelotense-Esportes\obs-studio\plugins\win-capture\data\locale\bn-BD.ini">
      <Filter>Resources\locale</Filter>
    </None>
    <None Include="C:\Users\tsicr\OneDrive\Área de Trabalho\Pelotense-Esportes\obs-studio\plugins\win-capture\data\locale\ca-ES.ini">
      <Filter>Resources\locale</Filter>
    </None>
    <None Include="C:\Users\tsicr\OneDrive\Área de Trabalho\Pelotense-Esportes\obs-studio\plugins\win-capture\data\locale\cs-CZ.ini">
      <Filter>Resources\locale</Filter>
    </None>
    <None Include="C:\Users\tsicr\OneDrive\Área de Trabalho\Pelotense-Esportes\obs-studio\plugins\win-capture\data\locale\da-DK.ini">
      <Filter>Resources\locale</Filter>
    </None>
    <None Include="C:\Users\tsicr\OneDrive\Área de Trabalho\Pelotense-Esportes\obs-studio\plugins\win-capture\data\locale\de-DE.ini">
      <Filter>Resources\locale</Filter>
    </None>
    <None Include="C:\Users\tsicr\OneDrive\Área de Trabalho\Pelotense-Esportes\obs-studio\plugins\win-capture\data\locale\el-GR.ini">
      <Filter>Resources\locale</Filter>
    </None>
    <None Include="C:\Users\tsicr\OneDrive\Área de Trabalho\Pelotense-Esportes\obs-studio\plugins\win-capture\data\locale\en-GB.ini">
      <Filter>Resources\locale</Filter>
    </None>
    <None Include="C:\Users\tsicr\OneDrive\Área de Trabalho\Pelotense-Esportes\obs-studio\plugins\win-capture\data\locale\en-US.ini">
      <Filter>Resources\locale</Filter>
    </None>
    <None Include="C:\Users\tsicr\OneDrive\Área de Trabalho\Pelotense-Esportes\obs-studio\plugins\win-capture\data\locale\es-ES.ini">
      <Filter>Resources\locale</Filter>
    </None>
    <None Include="C:\Users\tsicr\OneDrive\Área de Trabalho\Pelotense-Esportes\obs-studio\plugins\win-capture\data\locale\et-EE.ini">
      <Filter>Resources\locale</Filter>
    </None>
    <None Include="C:\Users\tsicr\OneDrive\Área de Trabalho\Pelotense-Esportes\obs-studio\plugins\win-capture\data\locale\eu-ES.ini">
      <Filter>Resources\locale</Filter>
    </None>
    <None Include="C:\Users\tsicr\OneDrive\Área de Trabalho\Pelotense-Esportes\obs-studio\plugins\win-capture\data\locale\fa-IR.ini">
      <Filter>Resources\locale</Filter>
    </None>
    <None Include="C:\Users\tsicr\OneDrive\Área de Trabalho\Pelotense-Esportes\obs-studio\plugins\win-capture\data\locale\fi-FI.ini">
      <Filter>Resources\locale</Filter>
    </None>
    <None Include="C:\Users\tsicr\OneDrive\Área de Trabalho\Pelotense-Esportes\obs-studio\plugins\win-capture\data\locale\fil-PH.ini">
      <Filter>Resources\locale</Filter>
    </None>
    <None Include="C:\Users\tsicr\OneDrive\Área de Trabalho\Pelotense-Esportes\obs-studio\plugins\win-capture\data\locale\fr-FR.ini">
      <Filter>Resources\locale</Filter>
    </None>
    <None Include="C:\Users\tsicr\OneDrive\Área de Trabalho\Pelotense-Esportes\obs-studio\plugins\win-capture\data\locale\gd-GB.ini">
      <Filter>Resources\locale</Filter>
    </None>
    <None Include="C:\Users\tsicr\OneDrive\Área de Trabalho\Pelotense-Esportes\obs-studio\plugins\win-capture\data\locale\gl-ES.ini">
      <Filter>Resources\locale</Filter>
    </None>
    <None Include="C:\Users\tsicr\OneDrive\Área de Trabalho\Pelotense-Esportes\obs-studio\plugins\win-capture\data\locale\he-IL.ini">
      <Filter>Resources\locale</Filter>
    </None>
    <None Include="C:\Users\tsicr\OneDrive\Área de Trabalho\Pelotense-Esportes\obs-studio\plugins\win-capture\data\locale\hi-IN.ini">
      <Filter>Resources\locale</Filter>
    </None>
    <None Include="C:\Users\tsicr\OneDrive\Área de Trabalho\Pelotense-Esportes\obs-studio\plugins\win-capture\data\locale\hr-HR.ini">
      <Filter>Resources\locale</Filter>
    </None>
    <None Include="C:\Users\tsicr\OneDrive\Área de Trabalho\Pelotense-Esportes\obs-studio\plugins\win-capture\data\locale\hu-HU.ini">
      <Filter>Resources\locale</Filter>
    </None>
    <None Include="C:\Users\tsicr\OneDrive\Área de Trabalho\Pelotense-Esportes\obs-studio\plugins\win-capture\data\locale\hy-AM.ini">
      <Filter>Resources\locale</Filter>
    </None>
    <None Include="C:\Users\tsicr\OneDrive\Área de Trabalho\Pelotense-Esportes\obs-studio\plugins\win-capture\data\locale\id-ID.ini">
      <Filter>Resources\locale</Filter>
    </None>
    <None Include="C:\Users\tsicr\OneDrive\Área de Trabalho\Pelotense-Esportes\obs-studio\plugins\win-capture\data\locale\is-IS.ini">
      <Filter>Resources\locale</Filter>
    </None>
    <None Include="C:\Users\tsicr\OneDrive\Área de Trabalho\Pelotense-Esportes\obs-studio\plugins\win-capture\data\locale\it-IT.ini">
      <Filter>Resources\locale</Filter>
    </None>
    <None Include="C:\Users\tsicr\OneDrive\Área de Trabalho\Pelotense-Esportes\obs-studio\plugins\win-capture\data\locale\ja-JP.ini">
      <Filter>Resources\locale</Filter>
    </None>
    <None Include="C:\Users\tsicr\OneDrive\Área de Trabalho\Pelotense-Esportes\obs-studio\plugins\win-capture\data\locale\ka-GE.ini">
      <Filter>Resources\locale</Filter>
    </None>
    <None Include="C:\Users\tsicr\OneDrive\Área de Trabalho\Pelotense-Esportes\obs-studio\plugins\win-capture\data\locale\kaa.ini">
      <Filter>Resources\locale</Filter>
    </None>
    <None Include="C:\Users\tsicr\OneDrive\Área de Trabalho\Pelotense-Esportes\obs-studio\plugins\win-capture\data\locale\kab-KAB.ini">
      <Filter>Resources\locale</Filter>
    </None>
    <None Include="C:\Users\tsicr\OneDrive\Área de Trabalho\Pelotense-Esportes\obs-studio\plugins\win-capture\data\locale\kmr-TR.ini">
      <Filter>Resources\locale</Filter>
    </None>
    <None Include="C:\Users\tsicr\OneDrive\Área de Trabalho\Pelotense-Esportes\obs-studio\plugins\win-capture\data\locale\ko-KR.ini">
      <Filter>Resources\locale</Filter>
    </None>
    <None Include="C:\Users\tsicr\OneDrive\Área de Trabalho\Pelotense-Esportes\obs-studio\plugins\win-capture\data\locale\lo-LA.ini">
      <Filter>Resources\locale</Filter>
    </None>
    <None Include="C:\Users\tsicr\OneDrive\Área de Trabalho\Pelotense-Esportes\obs-studio\plugins\win-capture\data\locale\lt-LT.ini">
      <Filter>Resources\locale</Filter>
    </None>
    <None Include="C:\Users\tsicr\OneDrive\Área de Trabalho\Pelotense-Esportes\obs-studio\plugins\win-capture\data\locale\mn-MN.ini">
      <Filter>Resources\locale</Filter>
    </None>
    <None Include="C:\Users\tsicr\OneDrive\Área de Trabalho\Pelotense-Esportes\obs-studio\plugins\win-capture\data\locale\ms-MY.ini">
      <Filter>Resources\locale</Filter>
    </None>
    <None Include="C:\Users\tsicr\OneDrive\Área de Trabalho\Pelotense-Esportes\obs-studio\plugins\win-capture\data\locale\nb-NO.ini">
      <Filter>Resources\locale</Filter>
    </None>
    <None Include="C:\Users\tsicr\OneDrive\Área de Trabalho\Pelotense-Esportes\obs-studio\plugins\win-capture\data\locale\nl-NL.ini">
      <Filter>Resources\locale</Filter>
    </None>
    <None Include="C:\Users\tsicr\OneDrive\Área de Trabalho\Pelotense-Esportes\obs-studio\plugins\win-capture\data\locale\nn-NO.ini">
      <Filter>Resources\locale</Filter>
    </None>
    <None Include="C:\Users\tsicr\OneDrive\Área de Trabalho\Pelotense-Esportes\obs-studio\plugins\win-capture\data\locale\pl-PL.ini">
      <Filter>Resources\locale</Filter>
    </None>
    <None Include="C:\Users\tsicr\OneDrive\Área de Trabalho\Pelotense-Esportes\obs-studio\plugins\win-capture\data\locale\pt-BR.ini">
      <Filter>Resources\locale</Filter>
    </None>
    <None Include="C:\Users\tsicr\OneDrive\Área de Trabalho\Pelotense-Esportes\obs-studio\plugins\win-capture\data\locale\pt-PT.ini">
      <Filter>Resources\locale</Filter>
    </None>
    <None Include="C:\Users\tsicr\OneDrive\Área de Trabalho\Pelotense-Esportes\obs-studio\plugins\win-capture\data\locale\ro-RO.ini">
      <Filter>Resources\locale</Filter>
    </None>
    <None Include="C:\Users\tsicr\OneDrive\Área de Trabalho\Pelotense-Esportes\obs-studio\plugins\win-capture\data\locale\ru-RU.ini">
      <Filter>Resources\locale</Filter>
    </None>
    <None Include="C:\Users\tsicr\OneDrive\Área de Trabalho\Pelotense-Esportes\obs-studio\plugins\win-capture\data\locale\si-LK.ini">
      <Filter>Resources\locale</Filter>
    </None>
    <None Include="C:\Users\tsicr\OneDrive\Área de Trabalho\Pelotense-Esportes\obs-studio\plugins\win-capture\data\locale\sk-SK.ini">
      <Filter>Resources\locale</Filter>
    </None>
    <None Include="C:\Users\tsicr\OneDrive\Área de Trabalho\Pelotense-Esportes\obs-studio\plugins\win-capture\data\locale\sl-SI.ini">
      <Filter>Resources\locale</Filter>
    </None>
    <None Include="C:\Users\tsicr\OneDrive\Área de Trabalho\Pelotense-Esportes\obs-studio\plugins\win-capture\data\locale\sq-AL.ini">
      <Filter>Resources\locale</Filter>
    </None>
    <None Include="C:\Users\tsicr\OneDrive\Área de Trabalho\Pelotense-Esportes\obs-studio\plugins\win-capture\data\locale\sr-CS.ini">
      <Filter>Resources\locale</Filter>
    </None>
    <None Include="C:\Users\tsicr\OneDrive\Área de Trabalho\Pelotense-Esportes\obs-studio\plugins\win-capture\data\locale\sr-SP.ini">
      <Filter>Resources\locale</Filter>
    </None>
    <None Include="C:\Users\tsicr\OneDrive\Área de Trabalho\Pelotense-Esportes\obs-studio\plugins\win-capture\data\locale\sv-SE.ini">
      <Filter>Resources\locale</Filter>
    </None>
    <None Include="C:\Users\tsicr\OneDrive\Área de Trabalho\Pelotense-Esportes\obs-studio\plugins\win-capture\data\locale\ta-IN.ini">
      <Filter>Resources\locale</Filter>
    </None>
    <None Include="C:\Users\tsicr\OneDrive\Área de Trabalho\Pelotense-Esportes\obs-studio\plugins\win-capture\data\locale\th-TH.ini">
      <Filter>Resources\locale</Filter>
    </None>
    <None Include="C:\Users\tsicr\OneDrive\Área de Trabalho\Pelotense-Esportes\obs-studio\plugins\win-capture\data\locale\tl-PH.ini">
      <Filter>Resources\locale</Filter>
    </None>
    <None Include="C:\Users\tsicr\OneDrive\Área de Trabalho\Pelotense-Esportes\obs-studio\plugins\win-capture\data\locale\tr-TR.ini">
      <Filter>Resources\locale</Filter>
    </None>
    <None Include="C:\Users\tsicr\OneDrive\Área de Trabalho\Pelotense-Esportes\obs-studio\plugins\win-capture\data\locale\tt-RU.ini">
      <Filter>Resources\locale</Filter>
    </None>
    <None Include="C:\Users\tsicr\OneDrive\Área de Trabalho\Pelotense-Esportes\obs-studio\plugins\win-capture\data\locale\ug-CN.ini">
      <Filter>Resources\locale</Filter>
    </None>
    <None Include="C:\Users\tsicr\OneDrive\Área de Trabalho\Pelotense-Esportes\obs-studio\plugins\win-capture\data\locale\uk-UA.ini">
      <Filter>Resources\locale</Filter>
    </None>
    <None Include="C:\Users\tsicr\OneDrive\Área de Trabalho\Pelotense-Esportes\obs-studio\plugins\win-capture\data\locale\vi-VN.ini">
      <Filter>Resources\locale</Filter>
    </None>
    <None Include="C:\Users\tsicr\OneDrive\Área de Trabalho\Pelotense-Esportes\obs-studio\plugins\win-capture\data\locale\zh-CN.ini">
      <Filter>Resources\locale</Filter>
    </None>
    <None Include="C:\Users\tsicr\OneDrive\Área de Trabalho\Pelotense-Esportes\obs-studio\plugins\win-capture\data\locale\zh-TW.ini">
      <Filter>Resources\locale</Filter>
    </None>
    <None Include="C:\Users\tsicr\OneDrive\Área de Trabalho\Pelotense-Esportes\obs-studio\plugins\win-capture\data\package.json">
      <Filter>Resources</Filter>
    </None>
    <None Include="C:\Users\tsicr\OneDrive\Área de Trabalho\Pelotense-Esportes\obs-studio\plugins\win-capture\data\schema\compatibility-schema-v1.json">
      <Filter>Resources\schema</Filter>
    </None>
    <None Include="C:\Users\tsicr\OneDrive\Área de Trabalho\Pelotense-Esportes\obs-studio\plugins\win-capture\data\schema\package-schema.json">
      <Filter>Resources\schema</Filter>
    </None>
  </ItemGroup>
  <ItemGroup>
    <ResourceCompile Include="C:\Users\tsicr\OneDrive\Área de Trabalho\Pelotense-Esportes\obs-build\plugins\win-capture\win-capture.rc">
      <Filter>Source Files</Filter>
    </ResourceCompile>
  </ItemGroup>
  <ItemGroup>
    <Filter Include="Header Files">
      <UniqueIdentifier>{72937B53-55F5-3642-B1B3-CE4AE2B3440A}</UniqueIdentifier>
    </Filter>
    <Filter Include="Resources">
      <UniqueIdentifier>{31E54B00-6D9C-3A65-BC29-F75519784263}</UniqueIdentifier>
    </Filter>
    <Filter Include="Resources\locale">
      <UniqueIdentifier>{571951D7-4D02-34CA-875A-1604CFF8C658}</UniqueIdentifier>
    </Filter>
    <Filter Include="Resources\schema">
      <UniqueIdentifier>{3B807098-F121-3BF6-8686-529729EA7BB2}</UniqueIdentifier>
    </Filter>
    <Filter Include="Source Files">
      <UniqueIdentifier>{2B5B5F7C-1801-36DC-8AB1-827BDA9CD738}</UniqueIdentifier>
    </Filter>
  </ItemGroup>
</Project>
